// !$*UTF8*$!
{
	archiveVersion = 1;
	classes = {
	};
	objectVersion = 56;
	objects = {

/* Begin PBXBuildFile section */
		9B095FF32C49E3E60063132C /* GAContentView.swift in Sources */ = {isa = PBXBuildFile; fileRef = 9B095FF22C49E3E60063132C /* GAContentView.swift */; };
		9B0BFEE72C28A87A009F007F /* golden_agendaApp.swift in Sources */ = {isa = PBXBuildFile; fileRef = 9B0BFEE62C28A87A009F007F /* golden_agendaApp.swift */; };
		9B0BFEED2C28A87C009F007F /* Assets.xcassets in Resources */ = {isa = PBXBuildFile; fileRef = 9B0BFEEC2C28A87C009F007F /* Assets.xcassets */; };
		9B0BFEF12C28A87C009F007F /* Preview Assets.xcassets in Resources */ = {isa = PBXBuildFile; fileRef = 9B0BFEF02C28A87C009F007F /* Preview Assets.xcassets */; };
		9B0BFEFB2C28A87C009F007F /* golden_agendaTests.swift in Sources */ = {isa = PBXBuildFile; fileRef = 9B0BFEFA2C28A87C009F007F /* golden_agendaTests.swift */; };
		9B0BFF052C28A87C009F007F /* golden_agendaUITests.swift in Sources */ = {isa = PBXBuildFile; fileRef = 9B0BFF042C28A87C009F007F /* golden_agendaUITests.swift */; };
		9B0BFF072C28A87C009F007F /* golden_agendaUITestsLaunchTests.swift in Sources */ = {isa = PBXBuildFile; fileRef = 9B0BFF062C28A87C009F007F /* golden_agendaUITestsLaunchTests.swift */; };
		9B2EC05A2C2953BA00873C84 /* GATagView.swift in Sources */ = {isa = PBXBuildFile; fileRef = 9B2EC0592C2953BA00873C84 /* GATagView.swift */; };
		9B2EC05D2C2972BE00873C84 /* StringExtensions.swift in Sources */ = {isa = PBXBuildFile; fileRef = 9B2EC05C2C2972BE00873C84 /* StringExtensions.swift */; };
		9B2FD7D82C57615A0056CE6B /* Helpers.swift in Sources */ = {isa = PBXBuildFile; fileRef = 9B2FD7D72C57615A0056CE6B /* Helpers.swift */; };
		9B3493402C28AA2F003489AC /* Theme.swift in Sources */ = {isa = PBXBuildFile; fileRef = 9B34933F2C28AA2F003489AC /* Theme.swift */; };
		9B3493422C28AA72003489AC /* Routes.swift in Sources */ = {isa = PBXBuildFile; fileRef = 9B3493412C28AA72003489AC /* Routes.swift */; };
		9B3493442C28AAAA003489AC /* GAShapes.swift in Sources */ = {isa = PBXBuildFile; fileRef = 9B3493432C28AAAA003489AC /* GAShapes.swift */; };
		9B3493462C28AB61003489AC /* WhiteBackdropBlurView.swift in Sources */ = {isa = PBXBuildFile; fileRef = 9B3493452C28AB61003489AC /* WhiteBackdropBlurView.swift */; };
		9B3493482C28AB84003489AC /* GABottomBarView.swift in Sources */ = {isa = PBXBuildFile; fileRef = 9B3493472C28AB84003489AC /* GABottomBarView.swift */; };
		9B3493502C28B0F2003489AC /* SettingView.swift in Sources */ = {isa = PBXBuildFile; fileRef = 9B34934F2C28B0F2003489AC /* SettingView.swift */; };
		9B3493552C28B1C6003489AC /* AgendaView.swift in Sources */ = {isa = PBXBuildFile; fileRef = 9B3493542C28B105003489AC /* AgendaView.swift */; };
		9B3493562C28B1D3003489AC /* AddAgendaView.swift in Sources */ = {isa = PBXBuildFile; fileRef = 9B3493532C28B102003489AC /* AddAgendaView.swift */; };
		9B3493572C28B1D5003489AC /* ReportView.swift in Sources */ = {isa = PBXBuildFile; fileRef = 9B3493522C28B100003489AC /* ReportView.swift */; };
		9B3493582C28B1D7003489AC /* RewardView.swift in Sources */ = {isa = PBXBuildFile; fileRef = 9B3493512C28B0FE003489AC /* RewardView.swift */; };
		9B3EBF9E2C2E92F9002DA262 /* GADeviceState.swift in Sources */ = {isa = PBXBuildFile; fileRef = 9B3EBF9D2C2E92F9002DA262 /* GADeviceState.swift */; };
		9B3EBFA02C2E94A2002DA262 /* ViewExtensions.swift in Sources */ = {isa = PBXBuildFile; fileRef = 9B3EBF9F2C2E94A2002DA262 /* ViewExtensions.swift */; };
		9B4DD0A52C52005000B4049F /* GATextField.swift in Sources */ = {isa = PBXBuildFile; fileRef = 9B4DD0A42C52005000B4049F /* GATextField.swift */; };
		9B60A6DE2C2A11180092A667 /* GAAppState.swift in Sources */ = {isa = PBXBuildFile; fileRef = 9B60A6DD2C2A11180092A667 /* GAAppState.swift */; };
		9B60A6E02C2A15470092A667 /* AgendaWheel.swift in Sources */ = {isa = PBXBuildFile; fileRef = 9B60A6DF2C2A15470092A667 /* AgendaWheel.swift */; };
		9B696E2A2C425A4400D3365E /* GAAppStorage.swift in Sources */ = {isa = PBXBuildFile; fileRef = 9B696E292C425A4400D3365E /* GAAppStorage.swift */; };
		9B76F1F22C461DBE00266B86 /* GoldenAgendaModels.xcdatamodeld in Sources */ = {isa = PBXBuildFile; fileRef = 9B76F1F02C461DBE00266B86 /* GoldenAgendaModels.xcdatamodeld */; };
		9B76F1FF2C462AD300266B86 /* MetadataEntity+CoreDataClass.swift in Sources */ = {isa = PBXBuildFile; fileRef = 9B76F1F32C462AD300266B86 /* MetadataEntity+CoreDataClass.swift */; };
		9B76F2002C462AD300266B86 /* MetadataEntity+CoreDataProperties.swift in Sources */ = {isa = PBXBuildFile; fileRef = 9B76F1F42C462AD300266B86 /* MetadataEntity+CoreDataProperties.swift */; };
		9B76F2012C462AD300266B86 /* RepeatEntity+CoreDataClass.swift in Sources */ = {isa = PBXBuildFile; fileRef = 9B76F1F52C462AD300266B86 /* RepeatEntity+CoreDataClass.swift */; };
		9B76F2022C462AD300266B86 /* RepeatEntity+CoreDataProperties.swift in Sources */ = {isa = PBXBuildFile; fileRef = 9B76F1F62C462AD300266B86 /* RepeatEntity+CoreDataProperties.swift */; };
		9B76F2032C462AD300266B86 /* MainAgendaEntity+CoreDataClass.swift in Sources */ = {isa = PBXBuildFile; fileRef = 9B76F1F72C462AD300266B86 /* MainAgendaEntity+CoreDataClass.swift */; };
		9B76F2042C462AD300266B86 /* MainAgendaEntity+CoreDataProperties.swift in Sources */ = {isa = PBXBuildFile; fileRef = 9B76F1F82C462AD300266B86 /* MainAgendaEntity+CoreDataProperties.swift */; };
		9B76F2052C462AD300266B86 /* ChildAgendaEntity+CoreDataClass.swift in Sources */ = {isa = PBXBuildFile; fileRef = 9B76F1F92C462AD300266B86 /* ChildAgendaEntity+CoreDataClass.swift */; };
		9B76F2062C462AD300266B86 /* ChildAgendaEntity+CoreDataProperties.swift in Sources */ = {isa = PBXBuildFile; fileRef = 9B76F1FA2C462AD300266B86 /* ChildAgendaEntity+CoreDataProperties.swift */; };
		9B76F2072C462AD300266B86 /* RepeatMetadataEntity+CoreDataClass.swift in Sources */ = {isa = PBXBuildFile; fileRef = 9B76F1FB2C462AD300266B86 /* RepeatMetadataEntity+CoreDataClass.swift */; };
		9B76F2082C462AD300266B86 /* RepeatMetadataEntity+CoreDataProperties.swift in Sources */ = {isa = PBXBuildFile; fileRef = 9B76F1FC2C462AD300266B86 /* RepeatMetadataEntity+CoreDataProperties.swift */; };
		9B76F2092C462AD300266B86 /* CategoryEntity+CoreDataClass.swift in Sources */ = {isa = PBXBuildFile; fileRef = 9B76F1FD2C462AD300266B86 /* CategoryEntity+CoreDataClass.swift */; };
		9B76F20A2C462AD300266B86 /* CategoryEntity+CoreDataProperties.swift in Sources */ = {isa = PBXBuildFile; fileRef = 9B76F1FE2C462AD300266B86 /* CategoryEntity+CoreDataProperties.swift */; };
		9B76F20C2C462CF600266B86 /* CoreDataStack.swift in Sources */ = {isa = PBXBuildFile; fileRef = 9B76F20B2C462CF600266B86 /* CoreDataStack.swift */; };
		9B86A8C52C484B3E006CD755 /* AgendaOverviewView.swift in Sources */ = {isa = PBXBuildFile; fileRef = 9B86A8C42C484B3E006CD755 /* AgendaOverviewView.swift */; };
		9B86A8C72C484B9F006CD755 /* GABorderView.swift in Sources */ = {isa = PBXBuildFile; fileRef = 9B86A8C62C484B9F006CD755 /* GABorderView.swift */; };
		9B8B11902C2D122C00FB2995 /* DateExtensions.swift in Sources */ = {isa = PBXBuildFile; fileRef = 9B8B118F2C2D122C00FB2995 /* DateExtensions.swift */; };
		9BAC97A52C4C6A7D00949962 /* UIApplicationExtensions.swift in Sources */ = {isa = PBXBuildFile; fileRef = 9BAC97A42C4C6A7D00949962 /* UIApplicationExtensions.swift */; };
		9BAF45542C48F48D00EDC459 /* GARouter.swift in Sources */ = {isa = PBXBuildFile; fileRef = 9BAF45532C48F48D00EDC459 /* GARouter.swift */; };
		9BF0EA252C3BBF0C00759236 /* GADottedView.swift in Sources */ = {isa = PBXBuildFile; fileRef = 9BF0EA242C3BBF0C00759236 /* GADottedView.swift */; };
		9BF8FAE92C4B9240002E5678 /* AgendaToolbar.swift in Sources */ = {isa = PBXBuildFile; fileRef = 9BF8FAE82C4B9240002E5678 /* AgendaToolbar.swift */; };
		9BFEF9302C508CEC0054B982 /* CreateAgenda.swift in Sources */ = {isa = PBXBuildFile; fileRef = 9BFEF92F2C508CEC0054B982 /* CreateAgenda.swift */; };
/* End PBXBuildFile section */

/* Begin PBXContainerItemProxy section */
		9B0BFEF72C28A87C009F007F /* PBXContainerItemProxy */ = {
			isa = PBXContainerItemProxy;
			containerPortal = 9B0BFEDB2C28A87A009F007F /* Project object */;
			proxyType = 1;
			remoteGlobalIDString = 9B0BFEE22C28A87A009F007F;
			remoteInfo = "golden agenda";
		};
		9B0BFF012C28A87C009F007F /* PBXContainerItemProxy */ = {
			isa = PBXContainerItemProxy;
			containerPortal = 9B0BFEDB2C28A87A009F007F /* Project object */;
			proxyType = 1;
			remoteGlobalIDString = 9B0BFEE22C28A87A009F007F;
			remoteInfo = "golden agenda";
		};
/* End PBXContainerItemProxy section */

/* Begin PBXFileReference section */
		9B095FF22C49E3E60063132C /* GAContentView.swift */ = {isa = PBXFileReference; lastKnownFileType = sourcecode.swift; path = GAContentView.swift; sourceTree = "<group>"; };
		9B0BFEE32C28A87A009F007F /* golden_agenda.app */ = {isa = PBXFileReference; explicitFileType = wrapper.application; includeInIndex = 0; path = golden_agenda.app; sourceTree = BUILT_PRODUCTS_DIR; };
		9B0BFEE62C28A87A009F007F /* golden_agendaApp.swift */ = {isa = PBXFileReference; lastKnownFileType = sourcecode.swift; path = golden_agendaApp.swift; sourceTree = "<group>"; };
		9B0BFEEC2C28A87C009F007F /* Assets.xcassets */ = {isa = PBXFileReference; lastKnownFileType = folder.assetcatalog; path = Assets.xcassets; sourceTree = "<group>"; };
		9B0BFEEE2C28A87C009F007F /* golden_agenda.entitlements */ = {isa = PBXFileReference; lastKnownFileType = text.plist.entitlements; path = golden_agenda.entitlements; sourceTree = "<group>"; };
		9B0BFEF02C28A87C009F007F /* Preview Assets.xcassets */ = {isa = PBXFileReference; lastKnownFileType = folder.assetcatalog; path = "Preview Assets.xcassets"; sourceTree = "<group>"; };
		9B0BFEF62C28A87C009F007F /* golden_agendaTests.xctest */ = {isa = PBXFileReference; explicitFileType = wrapper.cfbundle; includeInIndex = 0; path = golden_agendaTests.xctest; sourceTree = BUILT_PRODUCTS_DIR; };
		9B0BFEFA2C28A87C009F007F /* golden_agendaTests.swift */ = {isa = PBXFileReference; lastKnownFileType = sourcecode.swift; path = golden_agendaTests.swift; sourceTree = "<group>"; };
		9B0BFF002C28A87C009F007F /* golden_agendaUITests.xctest */ = {isa = PBXFileReference; explicitFileType = wrapper.cfbundle; includeInIndex = 0; path = golden_agendaUITests.xctest; sourceTree = BUILT_PRODUCTS_DIR; };
		9B0BFF042C28A87C009F007F /* golden_agendaUITests.swift */ = {isa = PBXFileReference; lastKnownFileType = sourcecode.swift; path = golden_agendaUITests.swift; sourceTree = "<group>"; };
		9B0BFF062C28A87C009F007F /* golden_agendaUITestsLaunchTests.swift */ = {isa = PBXFileReference; lastKnownFileType = sourcecode.swift; path = golden_agendaUITestsLaunchTests.swift; sourceTree = "<group>"; };
		9B2EC0592C2953BA00873C84 /* GATagView.swift */ = {isa = PBXFileReference; lastKnownFileType = sourcecode.swift; path = GATagView.swift; sourceTree = "<group>"; };
		9B2EC05C2C2972BE00873C84 /* StringExtensions.swift */ = {isa = PBXFileReference; lastKnownFileType = sourcecode.swift; path = StringExtensions.swift; sourceTree = "<group>"; };
		9B2FD7D72C57615A0056CE6B /* Helpers.swift */ = {isa = PBXFileReference; lastKnownFileType = sourcecode.swift; path = Helpers.swift; sourceTree = "<group>"; };
		9B34933F2C28AA2F003489AC /* Theme.swift */ = {isa = PBXFileReference; lastKnownFileType = sourcecode.swift; path = Theme.swift; sourceTree = "<group>"; };
		9B3493412C28AA72003489AC /* Routes.swift */ = {isa = PBXFileReference; lastKnownFileType = sourcecode.swift; path = Routes.swift; sourceTree = "<group>"; };
		9B3493432C28AAAA003489AC /* GAShapes.swift */ = {isa = PBXFileReference; lastKnownFileType = sourcecode.swift; path = GAShapes.swift; sourceTree = "<group>"; };
		9B3493452C28AB61003489AC /* WhiteBackdropBlurView.swift */ = {isa = PBXFileReference; lastKnownFileType = sourcecode.swift; path = WhiteBackdropBlurView.swift; sourceTree = "<group>"; };
		9B3493472C28AB84003489AC /* GABottomBarView.swift */ = {isa = PBXFileReference; lastKnownFileType = sourcecode.swift; path = GABottomBarView.swift; sourceTree = "<group>"; };
		9B34934F2C28B0F2003489AC /* SettingView.swift */ = {isa = PBXFileReference; lastKnownFileType = sourcecode.swift; path = SettingView.swift; sourceTree = "<group>"; };
		9B3493512C28B0FE003489AC /* RewardView.swift */ = {isa = PBXFileReference; lastKnownFileType = sourcecode.swift; path = RewardView.swift; sourceTree = "<group>"; };
		9B3493522C28B100003489AC /* ReportView.swift */ = {isa = PBXFileReference; lastKnownFileType = sourcecode.swift; path = ReportView.swift; sourceTree = "<group>"; };
		9B3493532C28B102003489AC /* AddAgendaView.swift */ = {isa = PBXFileReference; lastKnownFileType = sourcecode.swift; path = AddAgendaView.swift; sourceTree = "<group>"; };
		9B3493542C28B105003489AC /* AgendaView.swift */ = {isa = PBXFileReference; lastKnownFileType = sourcecode.swift; path = AgendaView.swift; sourceTree = "<group>"; };
		9B3EBF9D2C2E92F9002DA262 /* GADeviceState.swift */ = {isa = PBXFileReference; lastKnownFileType = sourcecode.swift; path = GADeviceState.swift; sourceTree = "<group>"; };
		9B3EBF9F2C2E94A2002DA262 /* ViewExtensions.swift */ = {isa = PBXFileReference; lastKnownFileType = sourcecode.swift; path = ViewExtensions.swift; sourceTree = "<group>"; };
		9B4DD0A42C52005000B4049F /* GATextField.swift */ = {isa = PBXFileReference; lastKnownFileType = sourcecode.swift; path = GATextField.swift; sourceTree = "<group>"; };
		9B60A6DD2C2A11180092A667 /* GAAppState.swift */ = {isa = PBXFileReference; lastKnownFileType = sourcecode.swift; path = GAAppState.swift; sourceTree = "<group>"; };
		9B60A6DF2C2A15470092A667 /* AgendaWheel.swift */ = {isa = PBXFileReference; lastKnownFileType = sourcecode.swift; path = AgendaWheel.swift; sourceTree = "<group>"; };
		9B696E292C425A4400D3365E /* GAAppStorage.swift */ = {isa = PBXFileReference; lastKnownFileType = sourcecode.swift; path = GAAppStorage.swift; sourceTree = "<group>"; };
		9B76F1F12C461DBE00266B86 /* GoldenAgendaModels.xcdatamodel */ = {isa = PBXFileReference; lastKnownFileType = wrapper.xcdatamodel; path = GoldenAgendaModels.xcdatamodel; sourceTree = "<group>"; };
		9B76F1F32C462AD300266B86 /* MetadataEntity+CoreDataClass.swift */ = {isa = PBXFileReference; lastKnownFileType = sourcecode.swift; path = "MetadataEntity+CoreDataClass.swift"; sourceTree = "<group>"; };
		9B76F1F42C462AD300266B86 /* MetadataEntity+CoreDataProperties.swift */ = {isa = PBXFileReference; lastKnownFileType = sourcecode.swift; path = "MetadataEntity+CoreDataProperties.swift"; sourceTree = "<group>"; };
		9B76F1F52C462AD300266B86 /* RepeatEntity+CoreDataClass.swift */ = {isa = PBXFileReference; lastKnownFileType = sourcecode.swift; path = "RepeatEntity+CoreDataClass.swift"; sourceTree = "<group>"; };
		9B76F1F62C462AD300266B86 /* RepeatEntity+CoreDataProperties.swift */ = {isa = PBXFileReference; lastKnownFileType = sourcecode.swift; path = "RepeatEntity+CoreDataProperties.swift"; sourceTree = "<group>"; };
		9B76F1F72C462AD300266B86 /* MainAgendaEntity+CoreDataClass.swift */ = {isa = PBXFileReference; lastKnownFileType = sourcecode.swift; path = "MainAgendaEntity+CoreDataClass.swift"; sourceTree = "<group>"; };
		9B76F1F82C462AD300266B86 /* MainAgendaEntity+CoreDataProperties.swift */ = {isa = PBXFileReference; lastKnownFileType = sourcecode.swift; path = "MainAgendaEntity+CoreDataProperties.swift"; sourceTree = "<group>"; };
		9B76F1F92C462AD300266B86 /* ChildAgendaEntity+CoreDataClass.swift */ = {isa = PBXFileReference; lastKnownFileType = sourcecode.swift; path = "ChildAgendaEntity+CoreDataClass.swift"; sourceTree = "<group>"; };
		9B76F1FA2C462AD300266B86 /* ChildAgendaEntity+CoreDataProperties.swift */ = {isa = PBXFileReference; lastKnownFileType = sourcecode.swift; path = "ChildAgendaEntity+CoreDataProperties.swift"; sourceTree = "<group>"; };
		9B76F1FB2C462AD300266B86 /* RepeatMetadataEntity+CoreDataClass.swift */ = {isa = PBXFileReference; lastKnownFileType = sourcecode.swift; path = "RepeatMetadataEntity+CoreDataClass.swift"; sourceTree = "<group>"; };
		9B76F1FC2C462AD300266B86 /* RepeatMetadataEntity+CoreDataProperties.swift */ = {isa = PBXFileReference; lastKnownFileType = sourcecode.swift; path = "RepeatMetadataEntity+CoreDataProperties.swift"; sourceTree = "<group>"; };
		9B76F1FD2C462AD300266B86 /* CategoryEntity+CoreDataClass.swift */ = {isa = PBXFileReference; lastKnownFileType = sourcecode.swift; path = "CategoryEntity+CoreDataClass.swift"; sourceTree = "<group>"; };
		9B76F1FE2C462AD300266B86 /* CategoryEntity+CoreDataProperties.swift */ = {isa = PBXFileReference; lastKnownFileType = sourcecode.swift; path = "CategoryEntity+CoreDataProperties.swift"; sourceTree = "<group>"; };
		9B76F20B2C462CF600266B86 /* CoreDataStack.swift */ = {isa = PBXFileReference; lastKnownFileType = sourcecode.swift; path = CoreDataStack.swift; sourceTree = "<group>"; };
		9B86A8C42C484B3E006CD755 /* AgendaOverviewView.swift */ = {isa = PBXFileReference; lastKnownFileType = sourcecode.swift; path = AgendaOverviewView.swift; sourceTree = "<group>"; };
		9B86A8C62C484B9F006CD755 /* GABorderView.swift */ = {isa = PBXFileReference; lastKnownFileType = sourcecode.swift; path = GABorderView.swift; sourceTree = "<group>"; };
		9B8B118F2C2D122C00FB2995 /* DateExtensions.swift */ = {isa = PBXFileReference; lastKnownFileType = sourcecode.swift; path = DateExtensions.swift; sourceTree = "<group>"; };
		9BAC97A42C4C6A7D00949962 /* UIApplicationExtensions.swift */ = {isa = PBXFileReference; lastKnownFileType = sourcecode.swift; path = UIApplicationExtensions.swift; sourceTree = "<group>"; };
		9BAF45532C48F48D00EDC459 /* GARouter.swift */ = {isa = PBXFileReference; lastKnownFileType = sourcecode.swift; path = GARouter.swift; sourceTree = "<group>"; };
		9BF0EA242C3BBF0C00759236 /* GADottedView.swift */ = {isa = PBXFileReference; lastKnownFileType = sourcecode.swift; path = GADottedView.swift; sourceTree = "<group>"; };
		9BF8FAE82C4B9240002E5678 /* AgendaToolbar.swift */ = {isa = PBXFileReference; lastKnownFileType = sourcecode.swift; path = AgendaToolbar.swift; sourceTree = "<group>"; };
		9BFEF92F2C508CEC0054B982 /* CreateAgenda.swift */ = {isa = PBXFileReference; lastKnownFileType = sourcecode.swift; path = CreateAgenda.swift; sourceTree = "<group>"; };
/* End PBXFileReference section */

/* Begin PBXFrameworksBuildPhase section */
		9B0BFEE02C28A87A009F007F /* Frameworks */ = {
			isa = PBXFrameworksBuildPhase;
			buildActionMask = 2147483647;
			files = (
			);
			runOnlyForDeploymentPostprocessing = 0;
		};
		9B0BFEF32C28A87C009F007F /* Frameworks */ = {
			isa = PBXFrameworksBuildPhase;
			buildActionMask = 2147483647;
			files = (
			);
			runOnlyForDeploymentPostprocessing = 0;
		};
		9B0BFEFD2C28A87C009F007F /* Frameworks */ = {
			isa = PBXFrameworksBuildPhase;
			buildActionMask = 2147483647;
			files = (
			);
			runOnlyForDeploymentPostprocessing = 0;
		};
/* End PBXFrameworksBuildPhase section */

/* Begin PBXGroup section */
		9B0BFEDA2C28A87A009F007F = {
			isa = PBXGroup;
			children = (
				9B0BFEE52C28A87A009F007F /* golden_agenda */,
				9B0BFEF92C28A87C009F007F /* golden_agendaTests */,
				9B0BFF032C28A87C009F007F /* golden_agendaUITests */,
				9B0BFEE42C28A87A009F007F /* Products */,
			);
			sourceTree = "<group>";
		};
		9B0BFEE42C28A87A009F007F /* Products */ = {
			isa = PBXGroup;
			children = (
				9B0BFEE32C28A87A009F007F /* golden_agenda.app */,
				9B0BFEF62C28A87C009F007F /* golden_agendaTests.xctest */,
				9B0BFF002C28A87C009F007F /* golden_agendaUITests.xctest */,
			);
			name = Products;
			sourceTree = "<group>";
		};
		9B0BFEE52C28A87A009F007F /* golden_agenda */ = {
			isa = PBXGroup;
			children = (
				9B0BFEEE2C28A87C009F007F /* golden_agenda.entitlements */,
				9B696E292C425A4400D3365E /* GAAppStorage.swift */,
				9B0BFEE62C28A87A009F007F /* golden_agendaApp.swift */,
				9B3493412C28AA72003489AC /* Routes.swift */,
				9B34933F2C28AA2F003489AC /* Theme.swift */,
				9B0BFEEC2C28A87C009F007F /* Assets.xcassets */,
				9B76F1EF2C461D9700266B86 /* Database */,
				9B0BFEEF2C28A87C009F007F /* Preview Content */,
				9B34933E2C28AA1B003489AC /* Shared */,
				9B2EC0612C298B2D00873C84 /* States */,
				9B2EC05B2C2972AB00873C84 /* Utils */,
				9B3493492C28AED6003489AC /* Views */,
			);
			path = golden_agenda;
			sourceTree = "<group>";
		};
		9B0BFEEF2C28A87C009F007F /* Preview Content */ = {
			isa = PBXGroup;
			children = (
				9B0BFEF02C28A87C009F007F /* Preview Assets.xcassets */,
			);
			path = "Preview Content";
			sourceTree = "<group>";
		};
		9B0BFEF92C28A87C009F007F /* golden_agendaTests */ = {
			isa = PBXGroup;
			children = (
				9B0BFEFA2C28A87C009F007F /* golden_agendaTests.swift */,
			);
			path = golden_agendaTests;
			sourceTree = "<group>";
		};
		9B0BFF032C28A87C009F007F /* golden_agendaUITests */ = {
			isa = PBXGroup;
			children = (
				9B0BFF042C28A87C009F007F /* golden_agendaUITests.swift */,
				9B0BFF062C28A87C009F007F /* golden_agendaUITestsLaunchTests.swift */,
			);
			path = golden_agendaUITests;
			sourceTree = "<group>";
		};
		9B2EC05B2C2972AB00873C84 /* Utils */ = {
			isa = PBXGroup;
			children = (
				9B2EC05C2C2972BE00873C84 /* StringExtensions.swift */,
				9B8B118F2C2D122C00FB2995 /* DateExtensions.swift */,
				9B3EBF9F2C2E94A2002DA262 /* ViewExtensions.swift */,
				9BAC97A42C4C6A7D00949962 /* UIApplicationExtensions.swift */,
			);
			path = Utils;
			sourceTree = "<group>";
		};
		9B2EC0612C298B2D00873C84 /* States */ = {
			isa = PBXGroup;
			children = (
				9B60A6DD2C2A11180092A667 /* GAAppState.swift */,
				9B3EBF9D2C2E92F9002DA262 /* GADeviceState.swift */,
				9BAF45532C48F48D00EDC459 /* GARouter.swift */,
			);
			path = States;
			sourceTree = "<group>";
		};
		9B34933E2C28AA1B003489AC /* Shared */ = {
			isa = PBXGroup;
			children = (
				9B3493432C28AAAA003489AC /* GAShapes.swift */,
				9B2EC0592C2953BA00873C84 /* GATagView.swift */,
				9B3493452C28AB61003489AC /* WhiteBackdropBlurView.swift */,
				9BF0EA242C3BBF0C00759236 /* GADottedView.swift */,
				9B86A8C62C484B9F006CD755 /* GABorderView.swift */,
				9BFEF92F2C508CEC0054B982 /* CreateAgenda.swift */,
				9B4DD0A42C52005000B4049F /* GATextField.swift */,
				9B2FD7D72C57615A0056CE6B /* Helpers.swift */,
			);
			path = Shared;
			sourceTree = "<group>";
		};
		9B3493492C28AED6003489AC /* Views */ = {
			isa = PBXGroup;
			children = (
				9B3493472C28AB84003489AC /* GABottomBarView.swift */,
				9B095FF22C49E3E60063132C /* GAContentView.swift */,
				9B34934B2C28B06B003489AC /* AddAgendaView */,
				9B34934A2C28AF1A003489AC /* AgendaView */,
				9B34934C2C28B0C3003489AC /* ReportView */,
				9B34934D2C28B0D7003489AC /* RewardView */,
				9B34934E2C28B0E0003489AC /* SettingView */,
			);
			path = Views;
			sourceTree = "<group>";
		};
		9B34934A2C28AF1A003489AC /* AgendaView */ = {
			isa = PBXGroup;
			children = (
				9B60A6DF2C2A15470092A667 /* AgendaWheel.swift */,
				9B3493542C28B105003489AC /* AgendaView.swift */,
				9B86A8C42C484B3E006CD755 /* AgendaOverviewView.swift */,
				9BF8FAE82C4B9240002E5678 /* AgendaToolbar.swift */,
			);
			path = AgendaView;
			sourceTree = "<group>";
		};
		9B34934B2C28B06B003489AC /* AddAgendaView */ = {
			isa = PBXGroup;
			children = (
				9B3493532C28B102003489AC /* AddAgendaView.swift */,
			);
			path = AddAgendaView;
			sourceTree = "<group>";
		};
		9B34934C2C28B0C3003489AC /* ReportView */ = {
			isa = PBXGroup;
			children = (
				9B3493522C28B100003489AC /* ReportView.swift */,
			);
			path = ReportView;
			sourceTree = "<group>";
		};
		9B34934D2C28B0D7003489AC /* RewardView */ = {
			isa = PBXGroup;
			children = (
				9B3493512C28B0FE003489AC /* RewardView.swift */,
			);
			path = RewardView;
			sourceTree = "<group>";
		};
		9B34934E2C28B0E0003489AC /* SettingView */ = {
			isa = PBXGroup;
			children = (
				9B34934F2C28B0F2003489AC /* SettingView.swift */,
			);
			path = SettingView;
			sourceTree = "<group>";
		};
		9B76F1EF2C461D9700266B86 /* Database */ = {
			isa = PBXGroup;
			children = (
				9B76F1F32C462AD300266B86 /* MetadataEntity+CoreDataClass.swift */,
				9B76F1F42C462AD300266B86 /* MetadataEntity+CoreDataProperties.swift */,
				9B76F1F52C462AD300266B86 /* RepeatEntity+CoreDataClass.swift */,
				9B76F1F62C462AD300266B86 /* RepeatEntity+CoreDataProperties.swift */,
				9B76F1F72C462AD300266B86 /* MainAgendaEntity+CoreDataClass.swift */,
				9B76F1F82C462AD300266B86 /* MainAgendaEntity+CoreDataProperties.swift */,
				9B76F1F92C462AD300266B86 /* ChildAgendaEntity+CoreDataClass.swift */,
				9B76F1FA2C462AD300266B86 /* ChildAgendaEntity+CoreDataProperties.swift */,
				9B76F1FB2C462AD300266B86 /* RepeatMetadataEntity+CoreDataClass.swift */,
				9B76F1FC2C462AD300266B86 /* RepeatMetadataEntity+CoreDataProperties.swift */,
				9B76F1FD2C462AD300266B86 /* CategoryEntity+CoreDataClass.swift */,
				9B76F1FE2C462AD300266B86 /* CategoryEntity+CoreDataProperties.swift */,
				9B76F1F02C461DBE00266B86 /* GoldenAgendaModels.xcdatamodeld */,
				9B76F20B2C462CF600266B86 /* CoreDataStack.swift */,
			);
			path = Database;
			sourceTree = "<group>";
		};
/* End PBXGroup section */

/* Begin PBXNativeTarget section */
		9B0BFEE22C28A87A009F007F /* golden_agenda */ = {
			isa = PBXNativeTarget;
			buildConfigurationList = 9B0BFF0A2C28A87C009F007F /* Build configuration list for PBXNativeTarget "golden_agenda" */;
			buildPhases = (
				9B0BFEDF2C28A87A009F007F /* Sources */,
				9B0BFEE02C28A87A009F007F /* Frameworks */,
				9B0BFEE12C28A87A009F007F /* Resources */,
			);
			buildRules = (
			);
			dependencies = (
			);
			name = golden_agenda;
			productName = "golden agenda";
			productReference = 9B0BFEE32C28A87A009F007F /* golden_agenda.app */;
			productType = "com.apple.product-type.application";
		};
		9B0BFEF52C28A87C009F007F /* golden_agendaTests */ = {
			isa = PBXNativeTarget;
			buildConfigurationList = 9B0BFF0D2C28A87C009F007F /* Build configuration list for PBXNativeTarget "golden_agendaTests" */;
			buildPhases = (
				9B0BFEF22C28A87C009F007F /* Sources */,
				9B0BFEF32C28A87C009F007F /* Frameworks */,
				9B0BFEF42C28A87C009F007F /* Resources */,
			);
			buildRules = (
			);
			dependencies = (
				9B0BFEF82C28A87C009F007F /* PBXTargetDependency */,
			);
			name = golden_agendaTests;
			productName = "golden agendaTests";
			productReference = 9B0BFEF62C28A87C009F007F /* golden_agendaTests.xctest */;
			productType = "com.apple.product-type.bundle.unit-test";
		};
		9B0BFEFF2C28A87C009F007F /* golden_agendaUITests */ = {
			isa = PBXNativeTarget;
			buildConfigurationList = 9B0BFF102C28A87C009F007F /* Build configuration list for PBXNativeTarget "golden_agendaUITests" */;
			buildPhases = (
				9B0BFEFC2C28A87C009F007F /* Sources */,
				9B0BFEFD2C28A87C009F007F /* Frameworks */,
				9B0BFEFE2C28A87C009F007F /* Resources */,
			);
			buildRules = (
			);
			dependencies = (
				9B0BFF022C28A87C009F007F /* PBXTargetDependency */,
			);
			name = golden_agendaUITests;
			productName = "golden agendaUITests";
			productReference = 9B0BFF002C28A87C009F007F /* golden_agendaUITests.xctest */;
			productType = "com.apple.product-type.bundle.ui-testing";
		};
/* End PBXNativeTarget section */

/* Begin PBXProject section */
		9B0BFEDB2C28A87A009F007F /* Project object */ = {
			isa = PBXProject;
			attributes = {
				BuildIndependentTargetsInParallel = 1;
				LastSwiftUpdateCheck = 1540;
				LastUpgradeCheck = 1540;
				TargetAttributes = {
					9B0BFEE22C28A87A009F007F = {
						CreatedOnToolsVersion = 15.4;
					};
					9B0BFEF52C28A87C009F007F = {
						CreatedOnToolsVersion = 15.4;
						TestTargetID = 9B0BFEE22C28A87A009F007F;
					};
					9B0BFEFF2C28A87C009F007F = {
						CreatedOnToolsVersion = 15.4;
						TestTargetID = 9B0BFEE22C28A87A009F007F;
					};
				};
			};
			buildConfigurationList = 9B0BFEDE2C28A87A009F007F /* Build configuration list for PBXProject "golden_agenda" */;
			compatibilityVersion = "Xcode 14.0";
			developmentRegion = en;
			hasScannedForEncodings = 0;
			knownRegions = (
				en,
				Base,
			);
			mainGroup = 9B0BFEDA2C28A87A009F007F;
			productRefGroup = 9B0BFEE42C28A87A009F007F /* Products */;
			projectDirPath = "";
			projectRoot = "";
			targets = (
				9B0BFEE22C28A87A009F007F /* golden_agenda */,
				9B0BFEF52C28A87C009F007F /* golden_agendaTests */,
				9B0BFEFF2C28A87C009F007F /* golden_agendaUITests */,
			);
		};
/* End PBXProject section */

/* Begin PBXResourcesBuildPhase section */
		9B0BFEE12C28A87A009F007F /* Resources */ = {
			isa = PBXResourcesBuildPhase;
			buildActionMask = 2147483647;
			files = (
				9B0BFEF12C28A87C009F007F /* Preview Assets.xcassets in Resources */,
				9B0BFEED2C28A87C009F007F /* Assets.xcassets in Resources */,
			);
			runOnlyForDeploymentPostprocessing = 0;
		};
		9B0BFEF42C28A87C009F007F /* Resources */ = {
			isa = PBXResourcesBuildPhase;
			buildActionMask = 2147483647;
			files = (
			);
			runOnlyForDeploymentPostprocessing = 0;
		};
		9B0BFEFE2C28A87C009F007F /* Resources */ = {
			isa = PBXResourcesBuildPhase;
			buildActionMask = 2147483647;
			files = (
			);
			runOnlyForDeploymentPostprocessing = 0;
		};
/* End PBXResourcesBuildPhase section */

/* Begin PBXSourcesBuildPhase section */
		9B0BFEDF2C28A87A009F007F /* Sources */ = {
			isa = PBXSourcesBuildPhase;
			buildActionMask = 2147483647;
			files = (
				9B095FF32C49E3E60063132C /* GAContentView.swift in Sources */,
				9B2EC05D2C2972BE00873C84 /* StringExtensions.swift in Sources */,
				9B3493442C28AAAA003489AC /* GAShapes.swift in Sources */,
				9B76F1F22C461DBE00266B86 /* GoldenAgendaModels.xcdatamodeld in Sources */,
				9B3493402C28AA2F003489AC /* Theme.swift in Sources */,
				9B696E2A2C425A4400D3365E /* GAAppStorage.swift in Sources */,
				9B60A6E02C2A15470092A667 /* AgendaWheel.swift in Sources */,
				9B3EBFA02C2E94A2002DA262 /* ViewExtensions.swift in Sources */,
				9B2EC05A2C2953BA00873C84 /* GATagView.swift in Sources */,
				9B3493482C28AB84003489AC /* GABottomBarView.swift in Sources */,
				9BF0EA252C3BBF0C00759236 /* GADottedView.swift in Sources */,
				9B86A8C72C484B9F006CD755 /* GABorderView.swift in Sources */,
				9B3493502C28B0F2003489AC /* SettingView.swift in Sources */,
				9B3493462C28AB61003489AC /* WhiteBackdropBlurView.swift in Sources */,
				9B86A8C52C484B3E006CD755 /* AgendaOverviewView.swift in Sources */,
				9B3EBF9E2C2E92F9002DA262 /* GADeviceState.swift in Sources */,
				9B3493582C28B1D7003489AC /* RewardView.swift in Sources */,
				9B2FD7D82C57615A0056CE6B /* Helpers.swift in Sources */,
				9B3493422C28AA72003489AC /* Routes.swift in Sources */,
				9B3493552C28B1C6003489AC /* AgendaView.swift in Sources */,
				9B3493562C28B1D3003489AC /* AddAgendaView.swift in Sources */,
				9B3493572C28B1D5003489AC /* ReportView.swift in Sources */,
				9B8B11902C2D122C00FB2995 /* DateExtensions.swift in Sources */,
				9B0BFEE72C28A87A009F007F /* golden_agendaApp.swift in Sources */,
				9B60A6DE2C2A11180092A667 /* GAAppState.swift in Sources */,
				9B76F1FF2C462AD300266B86 /* MetadataEntity+CoreDataClass.swift in Sources */,
				9B76F2002C462AD300266B86 /* MetadataEntity+CoreDataProperties.swift in Sources */,
				9BAC97A52C4C6A7D00949962 /* UIApplicationExtensions.swift in Sources */,
				9B76F2012C462AD300266B86 /* RepeatEntity+CoreDataClass.swift in Sources */,
				9B76F2022C462AD300266B86 /* RepeatEntity+CoreDataProperties.swift in Sources */,
				9B76F2032C462AD300266B86 /* MainAgendaEntity+CoreDataClass.swift in Sources */,
				9B76F2042C462AD300266B86 /* MainAgendaEntity+CoreDataProperties.swift in Sources */,
				9B76F2052C462AD300266B86 /* ChildAgendaEntity+CoreDataClass.swift in Sources */,
				9B76F2062C462AD300266B86 /* ChildAgendaEntity+CoreDataProperties.swift in Sources */,
				9B76F20C2C462CF600266B86 /* CoreDataStack.swift in Sources */,
				9BF8FAE92C4B9240002E5678 /* AgendaToolbar.swift in Sources */,
				9B76F2072C462AD300266B86 /* RepeatMetadataEntity+CoreDataClass.swift in Sources */,
				9B76F2082C462AD300266B86 /* RepeatMetadataEntity+CoreDataProperties.swift in Sources */,
				9BAF45542C48F48D00EDC459 /* GARouter.swift in Sources */,
				9B76F2092C462AD300266B86 /* CategoryEntity+CoreDataClass.swift in Sources */,
				9B4DD0A52C52005000B4049F /* GATextField.swift in Sources */,
				9BFEF9302C508CEC0054B982 /* CreateAgenda.swift in Sources */,
				9B76F20A2C462AD300266B86 /* CategoryEntity+CoreDataProperties.swift in Sources */,
			);
			runOnlyForDeploymentPostprocessing = 0;
		};
		9B0BFEF22C28A87C009F007F /* Sources */ = {
			isa = PBXSourcesBuildPhase;
			buildActionMask = 2147483647;
			files = (
				9B0BFEFB2C28A87C009F007F /* golden_agendaTests.swift in Sources */,
			);
			runOnlyForDeploymentPostprocessing = 0;
		};
		9B0BFEFC2C28A87C009F007F /* Sources */ = {
			isa = PBXSourcesBuildPhase;
			buildActionMask = 2147483647;
			files = (
				9B0BFF052C28A87C009F007F /* golden_agendaUITests.swift in Sources */,
				9B0BFF072C28A87C009F007F /* golden_agendaUITestsLaunchTests.swift in Sources */,
			);
			runOnlyForDeploymentPostprocessing = 0;
		};
/* End PBXSourcesBuildPhase section */

/* Begin PBXTargetDependency section */
		9B0BFEF82C28A87C009F007F /* PBXTargetDependency */ = {
			isa = PBXTargetDependency;
			target = 9B0BFEE22C28A87A009F007F /* golden_agenda */;
			targetProxy = 9B0BFEF72C28A87C009F007F /* PBXContainerItemProxy */;
		};
		9B0BFF022C28A87C009F007F /* PBXTargetDependency */ = {
			isa = PBXTargetDependency;
			target = 9B0BFEE22C28A87A009F007F /* golden_agenda */;
			targetProxy = 9B0BFF012C28A87C009F007F /* PBXContainerItemProxy */;
		};
/* End PBXTargetDependency section */

/* Begin XCBuildConfiguration section */
		9B0BFF082C28A87C009F007F /* Debug */ = {
			isa = XCBuildConfiguration;
			buildSettings = {
				ALWAYS_SEARCH_USER_PATHS = NO;
				ASSETCATALOG_COMPILER_GENERATE_SWIFT_ASSET_SYMBOL_EXTENSIONS = YES;
				CLANG_ANALYZER_NONNULL = YES;
				CLANG_ANALYZER_NUMBER_OBJECT_CONVERSION = YES_AGGRESSIVE;
				CLANG_CXX_LANGUAGE_STANDARD = "gnu++20";
				CLANG_ENABLE_MODULES = YES;
				CLANG_ENABLE_OBJC_ARC = YES;
				CLANG_ENABLE_OBJC_WEAK = YES;
				CLANG_WARN_BLOCK_CAPTURE_AUTORELEASING = YES;
				CLANG_WARN_BOOL_CONVERSION = YES;
				CLANG_WARN_COMMA = YES;
				CLANG_WARN_CONSTANT_CONVERSION = YES;
				CLANG_WARN_DEPRECATED_OBJC_IMPLEMENTATIONS = YES;
				CLANG_WARN_DIRECT_OBJC_ISA_USAGE = YES_ERROR;
				CLANG_WARN_DOCUMENTATION_COMMENTS = YES;
				CLANG_WARN_EMPTY_BODY = YES;
				CLANG_WARN_ENUM_CONVERSION = YES;
				CLANG_WARN_INFINITE_RECURSION = YES;
				CLANG_WARN_INT_CONVERSION = YES;
				CLANG_WARN_NON_LITERAL_NULL_CONVERSION = YES;
				CLANG_WARN_OBJC_IMPLICIT_RETAIN_SELF = YES;
				CLANG_WARN_OBJC_LITERAL_CONVERSION = YES;
				CLANG_WARN_OBJC_ROOT_CLASS = YES_ERROR;
				CLANG_WARN_QUOTED_INCLUDE_IN_FRAMEWORK_HEADER = YES;
				CLANG_WARN_RANGE_LOOP_ANALYSIS = YES;
				CLANG_WARN_STRICT_PROTOTYPES = YES;
				CLANG_WARN_SUSPICIOUS_MOVE = YES;
				CLANG_WARN_UNGUARDED_AVAILABILITY = YES_AGGRESSIVE;
				CLANG_WARN_UNREACHABLE_CODE = YES;
				CLANG_WARN__DUPLICATE_METHOD_MATCH = YES;
				COPY_PHASE_STRIP = NO;
				DEBUG_INFORMATION_FORMAT = dwarf;
				ENABLE_STRICT_OBJC_MSGSEND = YES;
				ENABLE_TESTABILITY = YES;
				ENABLE_USER_SCRIPT_SANDBOXING = YES;
				GCC_C_LANGUAGE_STANDARD = gnu17;
				GCC_DYNAMIC_NO_PIC = NO;
				GCC_NO_COMMON_BLOCKS = YES;
				GCC_OPTIMIZATION_LEVEL = 0;
				GCC_PREPROCESSOR_DEFINITIONS = (
					"DEBUG=1",
					"$(inherited)",
				);
				GCC_WARN_64_TO_32_BIT_CONVERSION = YES;
				GCC_WARN_ABOUT_RETURN_TYPE = YES_ERROR;
				GCC_WARN_UNDECLARED_SELECTOR = YES;
				GCC_WARN_UNINITIALIZED_AUTOS = YES_AGGRESSIVE;
				GCC_WARN_UNUSED_FUNCTION = YES;
				GCC_WARN_UNUSED_VARIABLE = YES;
				LOCALIZATION_PREFERS_STRING_CATALOGS = YES;
				MTL_ENABLE_DEBUG_INFO = INCLUDE_SOURCE;
				MTL_FAST_MATH = YES;
				ONLY_ACTIVE_ARCH = YES;
				SWIFT_ACTIVE_COMPILATION_CONDITIONS = "DEBUG $(inherited)";
				SWIFT_OPTIMIZATION_LEVEL = "-Onone";
			};
			name = Debug;
		};
		9B0BFF092C28A87C009F007F /* Release */ = {
			isa = XCBuildConfiguration;
			buildSettings = {
				ALWAYS_SEARCH_USER_PATHS = NO;
				ASSETCATALOG_COMPILER_GENERATE_SWIFT_ASSET_SYMBOL_EXTENSIONS = YES;
				CLANG_ANALYZER_NONNULL = YES;
				CLANG_ANALYZER_NUMBER_OBJECT_CONVERSION = YES_AGGRESSIVE;
				CLANG_CXX_LANGUAGE_STANDARD = "gnu++20";
				CLANG_ENABLE_MODULES = YES;
				CLANG_ENABLE_OBJC_ARC = YES;
				CLANG_ENABLE_OBJC_WEAK = YES;
				CLANG_WARN_BLOCK_CAPTURE_AUTORELEASING = YES;
				CLANG_WARN_BOOL_CONVERSION = YES;
				CLANG_WARN_COMMA = YES;
				CLANG_WARN_CONSTANT_CONVERSION = YES;
				CLANG_WARN_DEPRECATED_OBJC_IMPLEMENTATIONS = YES;
				CLANG_WARN_DIRECT_OBJC_ISA_USAGE = YES_ERROR;
				CLANG_WARN_DOCUMENTATION_COMMENTS = YES;
				CLANG_WARN_EMPTY_BODY = YES;
				CLANG_WARN_ENUM_CONVERSION = YES;
				CLANG_WARN_INFINITE_RECURSION = YES;
				CLANG_WARN_INT_CONVERSION = YES;
				CLANG_WARN_NON_LITERAL_NULL_CONVERSION = YES;
				CLANG_WARN_OBJC_IMPLICIT_RETAIN_SELF = YES;
				CLANG_WARN_OBJC_LITERAL_CONVERSION = YES;
				CLANG_WARN_OBJC_ROOT_CLASS = YES_ERROR;
				CLANG_WARN_QUOTED_INCLUDE_IN_FRAMEWORK_HEADER = YES;
				CLANG_WARN_RANGE_LOOP_ANALYSIS = YES;
				CLANG_WARN_STRICT_PROTOTYPES = YES;
				CLANG_WARN_SUSPICIOUS_MOVE = YES;
				CLANG_WARN_UNGUARDED_AVAILABILITY = YES_AGGRESSIVE;
				CLANG_WARN_UNREACHABLE_CODE = YES;
				CLANG_WARN__DUPLICATE_METHOD_MATCH = YES;
				COPY_PHASE_STRIP = NO;
				DEBUG_INFORMATION_FORMAT = "dwarf-with-dsym";
				ENABLE_NS_ASSERTIONS = NO;
				ENABLE_STRICT_OBJC_MSGSEND = YES;
				ENABLE_USER_SCRIPT_SANDBOXING = YES;
				GCC_C_LANGUAGE_STANDARD = gnu17;
				GCC_NO_COMMON_BLOCKS = YES;
				GCC_WARN_64_TO_32_BIT_CONVERSION = YES;
				GCC_WARN_ABOUT_RETURN_TYPE = YES_ERROR;
				GCC_WARN_UNDECLARED_SELECTOR = YES;
				GCC_WARN_UNINITIALIZED_AUTOS = YES_AGGRESSIVE;
				GCC_WARN_UNUSED_FUNCTION = YES;
				GCC_WARN_UNUSED_VARIABLE = YES;
				LOCALIZATION_PREFERS_STRING_CATALOGS = YES;
				MTL_ENABLE_DEBUG_INFO = NO;
				MTL_FAST_MATH = YES;
				SWIFT_COMPILATION_MODE = wholemodule;
			};
			name = Release;
		};
		9B0BFF0B2C28A87C009F007F /* Debug */ = {
			isa = XCBuildConfiguration;
			buildSettings = {
				ASSETCATALOG_COMPILER_APPICON_NAME = AppIcon;
				ASSETCATALOG_COMPILER_GLOBAL_ACCENT_COLOR_NAME = AccentColor;
				CODE_SIGN_ENTITLEMENTS = golden_agenda/golden_agenda.entitlements;
				CODE_SIGN_STYLE = Automatic;
				CURRENT_PROJECT_VERSION = 1;
				DEVELOPMENT_ASSET_PATHS = "\"golden_agenda/Preview Content\"";
				DEVELOPMENT_TEAM = "";
				ENABLE_HARDENED_RUNTIME = YES;
				ENABLE_PREVIEWS = YES;
				GENERATE_INFOPLIST_FILE = YES;
				"INFOPLIST_KEY_UIApplicationSceneManifest_Generation[sdk=iphoneos*]" = YES;
				"INFOPLIST_KEY_UIApplicationSceneManifest_Generation[sdk=iphonesimulator*]" = YES;
				"INFOPLIST_KEY_UIApplicationSupportsIndirectInputEvents[sdk=iphoneos*]" = YES;
				"INFOPLIST_KEY_UIApplicationSupportsIndirectInputEvents[sdk=iphonesimulator*]" = YES;
				"INFOPLIST_KEY_UILaunchScreen_Generation[sdk=iphoneos*]" = YES;
				"INFOPLIST_KEY_UILaunchScreen_Generation[sdk=iphonesimulator*]" = YES;
				"INFOPLIST_KEY_UIStatusBarStyle[sdk=iphoneos*]" = UIStatusBarStyleDefault;
				"INFOPLIST_KEY_UIStatusBarStyle[sdk=iphonesimulator*]" = UIStatusBarStyleDefault;
				INFOPLIST_KEY_UISupportedInterfaceOrientations = "UIInterfaceOrientationLandscapeLeft UIInterfaceOrientationLandscapeRight UIInterfaceOrientationPortrait";
				INFOPLIST_KEY_UISupportedInterfaceOrientations_iPad = "UIInterfaceOrientationLandscapeLeft UIInterfaceOrientationLandscapeRight UIInterfaceOrientationPortrait UIInterfaceOrientationPortraitUpsideDown";
				IPHONEOS_DEPLOYMENT_TARGET = 17.5;
				LD_RUNPATH_SEARCH_PATHS = "@executable_path/Frameworks";
				"LD_RUNPATH_SEARCH_PATHS[sdk=macosx*]" = "@executable_path/../Frameworks";
				MACOSX_DEPLOYMENT_TARGET = 14.0;
				MARKETING_VERSION = 1.0;
				PRODUCT_BUNDLE_IDENTIFIER = "dev.yongmin.golden-agenda";
				PRODUCT_NAME = "$(TARGET_NAME)";
				SDKROOT = auto;
				SUPPORTED_PLATFORMS = "iphoneos iphonesimulator";
				SUPPORTS_MACCATALYST = NO;
				SWIFT_EMIT_LOC_STRINGS = YES;
				SWIFT_VERSION = 5.0;
				TARGETED_DEVICE_FAMILY = 1;
			};
			name = Debug;
		};
		9B0BFF0C2C28A87C009F007F /* Release */ = {
			isa = XCBuildConfiguration;
			buildSettings = {
				ASSETCATALOG_COMPILER_APPICON_NAME = AppIcon;
				ASSETCATALOG_COMPILER_GLOBAL_ACCENT_COLOR_NAME = AccentColor;
				CODE_SIGN_ENTITLEMENTS = golden_agenda/golden_agenda.entitlements;
				CODE_SIGN_STYLE = Automatic;
				CURRENT_PROJECT_VERSION = 1;
				DEVELOPMENT_ASSET_PATHS = "\"golden_agenda/Preview Content\"";
				DEVELOPMENT_TEAM = "";
				ENABLE_HARDENED_RUNTIME = YES;
				ENABLE_PREVIEWS = YES;
				GENERATE_INFOPLIST_FILE = YES;
				"INFOPLIST_KEY_UIApplicationSceneManifest_Generation[sdk=iphoneos*]" = YES;
				"INFOPLIST_KEY_UIApplicationSceneManifest_Generation[sdk=iphonesimulator*]" = YES;
				"INFOPLIST_KEY_UIApplicationSupportsIndirectInputEvents[sdk=iphoneos*]" = YES;
				"INFOPLIST_KEY_UIApplicationSupportsIndirectInputEvents[sdk=iphonesimulator*]" = YES;
				"INFOPLIST_KEY_UILaunchScreen_Generation[sdk=iphoneos*]" = YES;
				"INFOPLIST_KEY_UILaunchScreen_Generation[sdk=iphonesimulator*]" = YES;
				"INFOPLIST_KEY_UIStatusBarStyle[sdk=iphoneos*]" = UIStatusBarStyleDefault;
				"INFOPLIST_KEY_UIStatusBarStyle[sdk=iphonesimulator*]" = UIStatusBarStyleDefault;
				INFOPLIST_KEY_UISupportedInterfaceOrientations = "UIInterfaceOrientationLandscapeLeft UIInterfaceOrientationLandscapeRight UIInterfaceOrientationPortrait";
				INFOPLIST_KEY_UISupportedInterfaceOrientations_iPad = "UIInterfaceOrientationLandscapeLeft UIInterfaceOrientationLandscapeRight UIInterfaceOrientationPortrait UIInterfaceOrientationPortraitUpsideDown";
				IPHONEOS_DEPLOYMENT_TARGET = 17.5;
				LD_RUNPATH_SEARCH_PATHS = "@executable_path/Frameworks";
				"LD_RUNPATH_SEARCH_PATHS[sdk=macosx*]" = "@executable_path/../Frameworks";
				MACOSX_DEPLOYMENT_TARGET = 14.0;
				MARKETING_VERSION = 1.0;
				PRODUCT_BUNDLE_IDENTIFIER = "dev.yongmin.golden-agenda";
				PRODUCT_NAME = "$(TARGET_NAME)";
				SDKROOT = auto;
				SUPPORTED_PLATFORMS = "iphoneos iphonesimulator";
				SUPPORTS_MACCATALYST = NO;
				SWIFT_EMIT_LOC_STRINGS = YES;
				SWIFT_VERSION = 5.0;
				TARGETED_DEVICE_FAMILY = 1;
			};
			name = Release;
		};
		9B0BFF0E2C28A87C009F007F /* Debug */ = {
			isa = XCBuildConfiguration;
			buildSettings = {
				ALWAYS_EMBED_SWIFT_STANDARD_LIBRARIES = YES;
				BUNDLE_LOADER = "$(TEST_HOST)";
				CODE_SIGN_STYLE = Automatic;
				CURRENT_PROJECT_VERSION = 1;
				DEVELOPMENT_TEAM = 3UAKXFS7F2;
				GENERATE_INFOPLIST_FILE = YES;
				IPHONEOS_DEPLOYMENT_TARGET = 17.5;
				MACOSX_DEPLOYMENT_TARGET = 14.5;
				MARKETING_VERSION = 1.0;
				PRODUCT_BUNDLE_IDENTIFIER = "dev.yongmin.golden-agendaTests";
				PRODUCT_NAME = "$(TARGET_NAME)";
				SDKROOT = auto;
				SUPPORTED_PLATFORMS = "iphoneos iphonesimulator macosx";
				SWIFT_EMIT_LOC_STRINGS = NO;
				SWIFT_VERSION = 5.0;
				TARGETED_DEVICE_FAMILY = "1,2";
				TEST_HOST = "$(BUILT_PRODUCTS_DIR)/golden_agenda.app/$(BUNDLE_EXECUTABLE_FOLDER_PATH)/golden_agenda";
			};
			name = Debug;
		};
		9B0BFF0F2C28A87C009F007F /* Release */ = {
			isa = XCBuildConfiguration;
			buildSettings = {
				ALWAYS_EMBED_SWIFT_STANDARD_LIBRARIES = YES;
				BUNDLE_LOADER = "$(TEST_HOST)";
				CODE_SIGN_STYLE = Automatic;
				CURRENT_PROJECT_VERSION = 1;
				DEVELOPMENT_TEAM = 3UAKXFS7F2;
				GENERATE_INFOPLIST_FILE = YES;
				IPHONEOS_DEPLOYMENT_TARGET = 17.5;
				MACOSX_DEPLOYMENT_TARGET = 14.5;
				MARKETING_VERSION = 1.0;
				PRODUCT_BUNDLE_IDENTIFIER = "dev.yongmin.golden-agendaTests";
				PRODUCT_NAME = "$(TARGET_NAME)";
				SDKROOT = auto;
				SUPPORTED_PLATFORMS = "iphoneos iphonesimulator macosx";
				SWIFT_EMIT_LOC_STRINGS = NO;
				SWIFT_VERSION = 5.0;
				TARGETED_DEVICE_FAMILY = "1,2";
				TEST_HOST = "$(BUILT_PRODUCTS_DIR)/golden_agenda.app/$(BUNDLE_EXECUTABLE_FOLDER_PATH)/golden_agenda";
			};
			name = Release;
		};
		9B0BFF112C28A87C009F007F /* Debug */ = {
			isa = XCBuildConfiguration;
			buildSettings = {
				ALWAYS_EMBED_SWIFT_STANDARD_LIBRARIES = YES;
				CODE_SIGN_STYLE = Automatic;
				CURRENT_PROJECT_VERSION = 1;
				DEVELOPMENT_TEAM = 3UAKXFS7F2;
				GENERATE_INFOPLIST_FILE = YES;
				IPHONEOS_DEPLOYMENT_TARGET = 17.5;
				MACOSX_DEPLOYMENT_TARGET = 14.5;
				MARKETING_VERSION = 1.0;
				PRODUCT_BUNDLE_IDENTIFIER = "dev.yongmin.golden-agendaUITests";
				PRODUCT_NAME = "$(TARGET_NAME)";
				SDKROOT = auto;
				SUPPORTED_PLATFORMS = "iphoneos iphonesimulator macosx";
				SWIFT_EMIT_LOC_STRINGS = NO;
				SWIFT_VERSION = 5.0;
				TARGETED_DEVICE_FAMILY = "1,2";
				TEST_TARGET_NAME = "golden agenda";
			};
			name = Debug;
		};
		9B0BFF122C28A87C009F007F /* Release */ = {
			isa = XCBuildConfiguration;
			buildSettings = {
				ALWAYS_EMBED_SWIFT_STANDARD_LIBRARIES = YES;
				CODE_SIGN_STYLE = Automatic;
				CURRENT_PROJECT_VERSION = 1;
				DEVELOPMENT_TEAM = 3UAKXFS7F2;
				GENERATE_INFOPLIST_FILE = YES;
				IPHONEOS_DEPLOYMENT_TARGET = 17.5;
				MACOSX_DEPLOYMENT_TARGET = 14.5;
				MARKETING_VERSION = 1.0;
				PRODUCT_BUNDLE_IDENTIFIER = "dev.yongmin.golden-agendaUITests";
				PRODUCT_NAME = "$(TARGET_NAME)";
				SDKROOT = auto;
				SUPPORTED_PLATFORMS = "iphoneos iphonesimulator macosx";
				SWIFT_EMIT_LOC_STRINGS = NO;
				SWIFT_VERSION = 5.0;
				TARGETED_DEVICE_FAMILY = "1,2";
				TEST_TARGET_NAME = "golden agenda";
			};
			name = Release;
		};
/* End XCBuildConfiguration section */

/* Begin XCConfigurationList section */
		9B0BFEDE2C28A87A009F007F /* Build configuration list for PBXProject "golden_agenda" */ = {
			isa = XCConfigurationList;
			buildConfigurations = (
				9B0BFF082C28A87C009F007F /* Debug */,
				9B0BFF092C28A87C009F007F /* Release */,
			);
			defaultConfigurationIsVisible = 0;
			defaultConfigurationName = Release;
		};
		9B0BFF0A2C28A87C009F007F /* Build configuration list for PBXNativeTarget "golden_agenda" */ = {
			isa = XCConfigurationList;
			buildConfigurations = (
				9B0BFF0B2C28A87C009F007F /* Debug */,
				9B0BFF0C2C28A87C009F007F /* Release */,
			);
			defaultConfigurationIsVisible = 0;
			defaultConfigurationName = Release;
		};
		9B0BFF0D2C28A87C009F007F /* Build configuration list for PBXNativeTarget "golden_agendaTests" */ = {
			isa = XCConfigurationList;
			buildConfigurations = (
				9B0BFF0E2C28A87C009F007F /* Debug */,
				9B0BFF0F2C28A87C009F007F /* Release */,
			);
			defaultConfigurationIsVisible = 0;
			defaultConfigurationName = Release;
		};
		9B0BFF102C28A87C009F007F /* Build configuration list for PBXNativeTarget "golden_agendaUITests" */ = {
			isa = XCConfigurationList;
			buildConfigurations = (
				9B0BFF112C28A87C009F007F /* Debug */,
				9B0BFF122C28A87C009F007F /* Release */,
			);
			defaultConfigurationIsVisible = 0;
			defaultConfigurationName = Release;
		};
/* End XCConfigurationList section */

/* Begin XCVersionGroup section */
		9B76F1F02C461DBE00266B86 /* GoldenAgendaModels.xcdatamodeld */ = {
			isa = XCVersionGroup;
			children = (
				9B76F1F12C461DBE00266B86 /* GoldenAgendaModels.xcdatamodel */,
			);
			currentVersion = 9B76F1F12C461DBE00266B86 /* GoldenAgendaModels.xcdatamodel */;
			name = GoldenAgendaModels.xcdatamodeld;
			path = "/Users/pro_osx/Desktop/my_git/swift-golden-agenda/golden_agenda/Database/GoldenAgendaModels.xcdatamodeld";
			sourceTree = "<group>";
			versionGroupType = wrapper.xcdatamodel;
		};
/* End XCVersionGroup section */
	};
	rootObject = 9B0BFEDB2C28A87A009F007F /* Project object */;
}
