// !$*UTF8*$!
{
	archiveVersion = 1;
	classes = {
	};
	objectVersion = 56;
	objects = {

/* Begin PBXBuildFile section */
		9B0BFEE72C28A87A009F007F /* golden_agendaApp.swift in Sources */ = {isa = PBXBuildFile; fileRef = 9B0BFEE62C28A87A009F007F /* golden_agendaApp.swift */; };
		9B0BFEED2C28A87C009F007F /* Assets.xcassets in Resources */ = {isa = PBXBuildFile; fileRef = 9B0BFEEC2C28A87C009F007F /* Assets.xcassets */; };
		9B0BFEF12C28A87C009F007F /* Preview Assets.xcassets in Resources */ = {isa = PBXBuildFile; fileRef = 9B0BFEF02C28A87C009F007F /* Preview Assets.xcassets */; };
		9B0BFEFB2C28A87C009F007F /* golden_agendaTests.swift in Sources */ = {isa = PBXBuildFile; fileRef = 9B0BFEFA2C28A87C009F007F /* golden_agendaTests.swift */; };
		9B0BFF052C28A87C009F007F /* golden_agendaUITests.swift in Sources */ = {isa = PBXBuildFile; fileRef = 9B0BFF042C28A87C009F007F /* golden_agendaUITests.swift */; };
		9B0BFF072C28A87C009F007F /* golden_agendaUITestsLaunchTests.swift in Sources */ = {isa = PBXBuildFile; fileRef = 9B0BFF062C28A87C009F007F /* golden_agendaUITestsLaunchTests.swift */; };
		9B3493402C28AA2F003489AC /* Theme.swift in Sources */ = {isa = PBXBuildFile; fileRef = 9B34933F2C28AA2F003489AC /* Theme.swift */; };
		9B3493422C28AA72003489AC /* Routes.swift in Sources */ = {isa = PBXBuildFile; fileRef = 9B3493412C28AA72003489AC /* Routes.swift */; };
		9B3493442C28AAAA003489AC /* GAShapes.swift in Sources */ = {isa = PBXBuildFile; fileRef = 9B3493432C28AAAA003489AC /* GAShapes.swift */; };
		9B3493462C28AB61003489AC /* WhiteBackdropBlurView.swift in Sources */ = {isa = PBXBuildFile; fileRef = 9B3493452C28AB61003489AC /* WhiteBackdropBlurView.swift */; };
		9B3493482C28AB84003489AC /* GABottomBarView.swift in Sources */ = {isa = PBXBuildFile; fileRef = 9B3493472C28AB84003489AC /* GABottomBarView.swift */; };
/* End PBXBuildFile section */

/* Begin PBXContainerItemProxy section */
		9B0BFEF72C28A87C009F007F /* PBXContainerItemProxy */ = {
			isa = PBXContainerItemProxy;
			containerPortal = 9B0BFEDB2C28A87A009F007F /* Project object */;
			proxyType = 1;
			remoteGlobalIDString = 9B0BFEE22C28A87A009F007F;
			remoteInfo = "golden agenda";
		};
		9B0BFF012C28A87C009F007F /* PBXContainerItemProxy */ = {
			isa = PBXContainerItemProxy;
			containerPortal = 9B0BFEDB2C28A87A009F007F /* Project object */;
			proxyType = 1;
			remoteGlobalIDString = 9B0BFEE22C28A87A009F007F;
			remoteInfo = "golden agenda";
		};
/* End PBXContainerItemProxy section */

/* Begin PBXFileReference section */
		9B0BFEE32C28A87A009F007F /* golden_agenda.app */ = {isa = PBXFileReference; explicitFileType = wrapper.application; includeInIndex = 0; path = golden_agenda.app; sourceTree = BUILT_PRODUCTS_DIR; };
		9B0BFEE62C28A87A009F007F /* golden_agendaApp.swift */ = {isa = PBXFileReference; lastKnownFileType = sourcecode.swift; path = golden_agendaApp.swift; sourceTree = "<group>"; };
		9B0BFEEC2C28A87C009F007F /* Assets.xcassets */ = {isa = PBXFileReference; lastKnownFileType = folder.assetcatalog; path = Assets.xcassets; sourceTree = "<group>"; };
		9B0BFEEE2C28A87C009F007F /* golden_agenda.entitlements */ = {isa = PBXFileReference; lastKnownFileType = text.plist.entitlements; path = golden_agenda.entitlements; sourceTree = "<group>"; };
		9B0BFEF02C28A87C009F007F /* Preview Assets.xcassets */ = {isa = PBXFileReference; lastKnownFileType = folder.assetcatalog; path = "Preview Assets.xcassets"; sourceTree = "<group>"; };
		9B0BFEF62C28A87C009F007F /* golden_agendaTests.xctest */ = {isa = PBXFileReference; explicitFileType = wrapper.cfbundle; includeInIndex = 0; path = golden_agendaTests.xctest; sourceTree = BUILT_PRODUCTS_DIR; };
		9B0BFEFA2C28A87C009F007F /* golden_agendaTests.swift */ = {isa = PBXFileReference; lastKnownFileType = sourcecode.swift; path = golden_agendaTests.swift; sourceTree = "<group>"; };
		9B0BFF002C28A87C009F007F /* golden_agendaUITests.xctest */ = {isa = PBXFileReference; explicitFileType = wrapper.cfbundle; includeInIndex = 0; path = golden_agendaUITests.xctest; sourceTree = BUILT_PRODUCTS_DIR; };
		9B0BFF042C28A87C009F007F /* golden_agendaUITests.swift */ = {isa = PBXFileReference; lastKnownFileType = sourcecode.swift; path = golden_agendaUITests.swift; sourceTree = "<group>"; };
		9B0BFF062C28A87C009F007F /* golden_agendaUITestsLaunchTests.swift */ = {isa = PBXFileReference; lastKnownFileType = sourcecode.swift; path = golden_agendaUITestsLaunchTests.swift; sourceTree = "<group>"; };
		9B34933F2C28AA2F003489AC /* Theme.swift */ = {isa = PBXFileReference; lastKnownFileType = sourcecode.swift; path = Theme.swift; sourceTree = "<group>"; };
		9B3493412C28AA72003489AC /* Routes.swift */ = {isa = PBXFileReference; lastKnownFileType = sourcecode.swift; path = Routes.swift; sourceTree = "<group>"; };
		9B3493432C28AAAA003489AC /* GAShapes.swift */ = {isa = PBXFileReference; lastKnownFileType = sourcecode.swift; path = GAShapes.swift; sourceTree = "<group>"; };
		9B3493452C28AB61003489AC /* WhiteBackdropBlurView.swift */ = {isa = PBXFileReference; lastKnownFileType = sourcecode.swift; path = WhiteBackdropBlurView.swift; sourceTree = "<group>"; };
		9B3493472C28AB84003489AC /* GABottomBarView.swift */ = {isa = PBXFileReference; lastKnownFileType = sourcecode.swift; path = GABottomBarView.swift; sourceTree = "<group>"; };
/* End PBXFileReference section */

/* Begin PBXFrameworksBuildPhase section */
		9B0BFEE02C28A87A009F007F /* Frameworks */ = {
			isa = PBXFrameworksBuildPhase;
			buildActionMask = 2147483647;
			files = (
			);
			runOnlyForDeploymentPostprocessing = 0;
		};
		9B0BFEF32C28A87C009F007F /* Frameworks */ = {
			isa = PBXFrameworksBuildPhase;
			buildActionMask = 2147483647;
			files = (
			);
			runOnlyForDeploymentPostprocessing = 0;
		};
		9B0BFEFD2C28A87C009F007F /* Frameworks */ = {
			isa = PBXFrameworksBuildPhase;
			buildActionMask = 2147483647;
			files = (
			);
			runOnlyForDeploymentPostprocessing = 0;
		};
/* End PBXFrameworksBuildPhase section */

/* Begin PBXGroup section */
		9B0BFEDA2C28A87A009F007F = {
			isa = PBXGroup;
			children = (
				9B0BFEE52C28A87A009F007F /* golden_agenda */,
				9B0BFEF92C28A87C009F007F /* golden_agendaTests */,
				9B0BFF032C28A87C009F007F /* golden_agendaUITests */,
				9B0BFEE42C28A87A009F007F /* Products */,
			);
			sourceTree = "<group>";
		};
		9B0BFEE42C28A87A009F007F /* Products */ = {
			isa = PBXGroup;
			children = (
				9B0BFEE32C28A87A009F007F /* golden_agenda.app */,
				9B0BFEF62C28A87C009F007F /* golden_agendaTests.xctest */,
				9B0BFF002C28A87C009F007F /* golden_agendaUITests.xctest */,
			);
			name = Products;
			sourceTree = "<group>";
		};
		9B0BFEE52C28A87A009F007F /* golden_agenda */ = {
			isa = PBXGroup;
			children = (
				9B34933E2C28AA1B003489AC /* Shared */,
				9B0BFEE62C28A87A009F007F /* golden_agendaApp.swift */,
				9B0BFEEC2C28A87C009F007F /* Assets.xcassets */,
				9B3493412C28AA72003489AC /* Routes.swift */,
				9B0BFEEE2C28A87C009F007F /* golden_agenda.entitlements */,
				9B0BFEEF2C28A87C009F007F /* Preview Content */,
				9B34933F2C28AA2F003489AC /* Theme.swift */,
			);
			path = golden_agenda;
			sourceTree = "<group>";
		};
		9B0BFEEF2C28A87C009F007F /* Preview Content */ = {
			isa = PBXGroup;
			children = (
				9B0BFEF02C28A87C009F007F /* Preview Assets.xcassets */,
			);
			path = "Preview Content";
			sourceTree = "<group>";
		};
		9B0BFEF92C28A87C009F007F /* golden_agendaTests */ = {
			isa = PBXGroup;
			children = (
				9B0BFEFA2C28A87C009F007F /* golden_agendaTests.swift */,
			);
			path = golden_agendaTests;
			sourceTree = "<group>";
		};
		9B0BFF032C28A87C009F007F /* golden_agendaUITests */ = {
			isa = PBXGroup;
			children = (
				9B0BFF042C28A87C009F007F /* golden_agendaUITests.swift */,
				9B0BFF062C28A87C009F007F /* golden_agendaUITestsLaunchTests.swift */,
			);
			path = golden_agendaUITests;
			sourceTree = "<group>";
		};
		9B34933E2C28AA1B003489AC /* Shared */ = {
			isa = PBXGroup;
			children = (
				9B3493432C28AAAA003489AC /* GAShapes.swift */,
				9B3493452C28AB61003489AC /* WhiteBackdropBlurView.swift */,
				9B3493472C28AB84003489AC /* GABottomBarView.swift */,
			);
			path = Shared;
			sourceTree = "<group>";
		};
/* End PBXGroup section */

/* Begin PBXNativeTarget section */
		9B0BFEE22C28A87A009F007F /* golden_agenda */ = {
			isa = PBXNativeTarget;
			buildConfigurationList = 9B0BFF0A2C28A87C009F007F /* Build configuration list for PBXNativeTarget "golden_agenda" */;
			buildPhases = (
				9B0BFEDF2C28A87A009F007F /* Sources */,
				9B0BFEE02C28A87A009F007F /* Frameworks */,
				9B0BFEE12C28A87A009F007F /* Resources */,
			);
			buildRules = (
			);
			dependencies = (
			);
			name = golden_agenda;
			productName = "golden agenda";
			productReference = 9B0BFEE32C28A87A009F007F /* golden_agenda.app */;
			productType = "com.apple.product-type.application";
		};
		9B0BFEF52C28A87C009F007F /* golden_agendaTests */ = {
			isa = PBXNativeTarget;
			buildConfigurationList = 9B0BFF0D2C28A87C009F007F /* Build configuration list for PBXNativeTarget "golden_agendaTests" */;
			buildPhases = (
				9B0BFEF22C28A87C009F007F /* Sources */,
				9B0BFEF32C28A87C009F007F /* Frameworks */,
				9B0BFEF42C28A87C009F007F /* Resources */,
			);
			buildRules = (
			);
			dependencies = (
				9B0BFEF82C28A87C009F007F /* PBXTargetDependency */,
			);
			name = golden_agendaTests;
			productName = "golden agendaTests";
			productReference = 9B0BFEF62C28A87C009F007F /* golden_agendaTests.xctest */;
			productType = "com.apple.product-type.bundle.unit-test";
		};
		9B0BFEFF2C28A87C009F007F /* golden_agendaUITests */ = {
			isa = PBXNativeTarget;
			buildConfigurationList = 9B0BFF102C28A87C009F007F /* Build configuration list for PBXNativeTarget "golden_agendaUITests" */;
			buildPhases = (
				9B0BFEFC2C28A87C009F007F /* Sources */,
				9B0BFEFD2C28A87C009F007F /* Frameworks */,
				9B0BFEFE2C28A87C009F007F /* Resources */,
			);
			buildRules = (
			);
			dependencies = (
				9B0BFF022C28A87C009F007F /* PBXTargetDependency */,
			);
			name = golden_agendaUITests;
			productName = "golden agendaUITests";
			productReference = 9B0BFF002C28A87C009F007F /* golden_agendaUITests.xctest */;
			productType = "com.apple.product-type.bundle.ui-testing";
		};
/* End PBXNativeTarget section */

/* Begin PBXProject section */
		9B0BFEDB2C28A87A009F007F /* Project object */ = {
			isa = PBXProject;
			attributes = {
				BuildIndependentTargetsInParallel = 1;
				LastSwiftUpdateCheck = 1540;
				LastUpgradeCheck = 1540;
				TargetAttributes = {
					9B0BFEE22C28A87A009F007F = {
						CreatedOnToolsVersion = 15.4;
					};
					9B0BFEF52C28A87C009F007F = {
						CreatedOnToolsVersion = 15.4;
						TestTargetID = 9B0BFEE22C28A87A009F007F;
					};
					9B0BFEFF2C28A87C009F007F = {
						CreatedOnToolsVersion = 15.4;
						TestTargetID = 9B0BFEE22C28A87A009F007F;
					};
				};
			};
			buildConfigurationList = 9B0BFEDE2C28A87A009F007F /* Build configuration list for PBXProject "golden_agenda" */;
			compatibilityVersion = "Xcode 14.0";
			developmentRegion = en;
			hasScannedForEncodings = 0;
			knownRegions = (
				en,
				Base,
			);
			mainGroup = 9B0BFEDA2C28A87A009F007F;
			productRefGroup = 9B0BFEE42C28A87A009F007F /* Products */;
			projectDirPath = "";
			projectRoot = "";
			targets = (
				9B0BFEE22C28A87A009F007F /* golden_agenda */,
				9B0BFEF52C28A87C009F007F /* golden_agendaTests */,
				9B0BFEFF2C28A87C009F007F /* golden_agendaUITests */,
			);
		};
/* End PBXProject section */

/* Begin PBXResourcesBuildPhase section */
		9B0BFEE12C28A87A009F007F /* Resources */ = {
			isa = PBXResourcesBuildPhase;
			buildActionMask = 2147483647;
			files = (
				9B0BFEF12C28A87C009F007F /* Preview Assets.xcassets in Resources */,
				9B0BFEED2C28A87C009F007F /* Assets.xcassets in Resources */,
			);
			runOnlyForDeploymentPostprocessing = 0;
		};
		9B0BFEF42C28A87C009F007F /* Resources */ = {
			isa = PBXResourcesBuildPhase;
			buildActionMask = 2147483647;
			files = (
			);
			runOnlyForDeploymentPostprocessing = 0;
		};
		9B0BFEFE2C28A87C009F007F /* Resources */ = {
			isa = PBXResourcesBuildPhase;
			buildActionMask = 2147483647;
			files = (
			);
			runOnlyForDeploymentPostprocessing = 0;
		};
/* End PBXResourcesBuildPhase section */

/* Begin PBXSourcesBuildPhase section */
		9B0BFEDF2C28A87A009F007F /* Sources */ = {
			isa = PBXSourcesBuildPhase;
			buildActionMask = 2147483647;
			files = (
				9B3493442C28AAAA003489AC /* GAShapes.swift in Sources */,
				9B3493402C28AA2F003489AC /* Theme.swift in Sources */,
				9B3493482C28AB84003489AC /* GABottomBarView.swift in Sources */,
				9B3493462C28AB61003489AC /* WhiteBackdropBlurView.swift in Sources */,
				9B3493422C28AA72003489AC /* Routes.swift in Sources */,
				9B0BFEE72C28A87A009F007F /* golden_agendaApp.swift in Sources */,
			);
			runOnlyForDeploymentPostprocessing = 0;
		};
		9B0BFEF22C28A87C009F007F /* Sources */ = {
			isa = PBXSourcesBuildPhase;
			buildActionMask = 2147483647;
			files = (
				9B0BFEFB2C28A87C009F007F /* golden_agendaTests.swift in Sources */,
			);
			runOnlyForDeploymentPostprocessing = 0;
		};
		9B0BFEFC2C28A87C009F007F /* Sources */ = {
			isa = PBXSourcesBuildPhase;
			buildActionMask = 2147483647;
			files = (
				9B0BFF052C28A87C009F007F /* golden_agendaUITests.swift in Sources */,
				9B0BFF072C28A87C009F007F /* golden_agendaUITestsLaunchTests.swift in Sources */,
			);
			runOnlyForDeploymentPostprocessing = 0;
		};
/* End PBXSourcesBuildPhase section */

/* Begin PBXTargetDependency section */
		9B0BFEF82C28A87C009F007F /* PBXTargetDependency */ = {
			isa = PBXTargetDependency;
			target = 9B0BFEE22C28A87A009F007F /* golden_agenda */;
			targetProxy = 9B0BFEF72C28A87C009F007F /* PBXContainerItemProxy */;
		};
		9B0BFF022C28A87C009F007F /* PBXTargetDependency */ = {
			isa = PBXTargetDependency;
			target = 9B0BFEE22C28A87A009F007F /* golden_agenda */;
			targetProxy = 9B0BFF012C28A87C009F007F /* PBXContainerItemProxy */;
		};
/* End PBXTargetDependency section */

/* Begin XCBuildConfiguration section */
		9B0BFF082C28A87C009F007F /* Debug */ = {
			isa = XCBuildConfiguration;
			buildSettings = {
				ALWAYS_SEARCH_USER_PATHS = NO;
				ASSETCATALOG_COMPILER_GENERATE_SWIFT_ASSET_SYMBOL_EXTENSIONS = YES;
				CLANG_ANALYZER_NONNULL = YES;
				CLANG_ANALYZER_NUMBER_OBJECT_CONVERSION = YES_AGGRESSIVE;
				CLANG_CXX_LANGUAGE_STANDARD = "gnu++20";
				CLANG_ENABLE_MODULES = YES;
				CLANG_ENABLE_OBJC_ARC = YES;
				CLANG_ENABLE_OBJC_WEAK = YES;
				CLANG_WARN_BLOCK_CAPTURE_AUTORELEASING = YES;
				CLANG_WARN_BOOL_CONVERSION = YES;
				CLANG_WARN_COMMA = YES;
				CLANG_WARN_CONSTANT_CONVERSION = YES;
				CLANG_WARN_DEPRECATED_OBJC_IMPLEMENTATIONS = YES;
				CLANG_WARN_DIRECT_OBJC_ISA_USAGE = YES_ERROR;
				CLANG_WARN_DOCUMENTATION_COMMENTS = YES;
				CLANG_WARN_EMPTY_BODY = YES;
				CLANG_WARN_ENUM_CONVERSION = YES;
				CLANG_WARN_INFINITE_RECURSION = YES;
				CLANG_WARN_INT_CONVERSION = YES;
				CLANG_WARN_NON_LITERAL_NULL_CONVERSION = YES;
				CLANG_WARN_OBJC_IMPLICIT_RETAIN_SELF = YES;
				CLANG_WARN_OBJC_LITERAL_CONVERSION = YES;
				CLANG_WARN_OBJC_ROOT_CLASS = YES_ERROR;
				CLANG_WARN_QUOTED_INCLUDE_IN_FRAMEWORK_HEADER = YES;
				CLANG_WARN_RANGE_LOOP_ANALYSIS = YES;
				CLANG_WARN_STRICT_PROTOTYPES = YES;
				CLANG_WARN_SUSPICIOUS_MOVE = YES;
				CLANG_WARN_UNGUARDED_AVAILABILITY = YES_AGGRESSIVE;
				CLANG_WARN_UNREACHABLE_CODE = YES;
				CLANG_WARN__DUPLICATE_METHOD_MATCH = YES;
				COPY_PHASE_STRIP = NO;
				DEBUG_INFORMATION_FORMAT = dwarf;
				ENABLE_STRICT_OBJC_MSGSEND = YES;
				ENABLE_TESTABILITY = YES;
				ENABLE_USER_SCRIPT_SANDBOXING = YES;
				GCC_C_LANGUAGE_STANDARD = gnu17;
				GCC_DYNAMIC_NO_PIC = NO;
				GCC_NO_COMMON_BLOCKS = YES;
				GCC_OPTIMIZATION_LEVEL = 0;
				GCC_PREPROCESSOR_DEFINITIONS = (
					"DEBUG=1",
					"$(inherited)",
				);
				GCC_WARN_64_TO_32_BIT_CONVERSION = YES;
				GCC_WARN_ABOUT_RETURN_TYPE = YES_ERROR;
				GCC_WARN_UNDECLARED_SELECTOR = YES;
				GCC_WARN_UNINITIALIZED_AUTOS = YES_AGGRESSIVE;
				GCC_WARN_UNUSED_FUNCTION = YES;
				GCC_WARN_UNUSED_VARIABLE = YES;
				LOCALIZATION_PREFERS_STRING_CATALOGS = YES;
				MTL_ENABLE_DEBUG_INFO = INCLUDE_SOURCE;
				MTL_FAST_MATH = YES;
				ONLY_ACTIVE_ARCH = YES;
				SWIFT_ACTIVE_COMPILATION_CONDITIONS = "DEBUG $(inherited)";
				SWIFT_OPTIMIZATION_LEVEL = "-Onone";
			};
			name = Debug;
		};
		9B0BFF092C28A87C009F007F /* Release */ = {
			isa = XCBuildConfiguration;
			buildSettings = {
				ALWAYS_SEARCH_USER_PATHS = NO;
				ASSETCATALOG_COMPILER_GENERATE_SWIFT_ASSET_SYMBOL_EXTENSIONS = YES;
				CLANG_ANALYZER_NONNULL = YES;
				CLANG_ANALYZER_NUMBER_OBJECT_CONVERSION = YES_AGGRESSIVE;
				CLANG_CXX_LANGUAGE_STANDARD = "gnu++20";
				CLANG_ENABLE_MODULES = YES;
				CLANG_ENABLE_OBJC_ARC = YES;
				CLANG_ENABLE_OBJC_WEAK = YES;
				CLANG_WARN_BLOCK_CAPTURE_AUTORELEASING = YES;
				CLANG_WARN_BOOL_CONVERSION = YES;
				CLANG_WARN_COMMA = YES;
				CLANG_WARN_CONSTANT_CONVERSION = YES;
				CLANG_WARN_DEPRECATED_OBJC_IMPLEMENTATIONS = YES;
				CLANG_WARN_DIRECT_OBJC_ISA_USAGE = YES_ERROR;
				CLANG_WARN_DOCUMENTATION_COMMENTS = YES;
				CLANG_WARN_EMPTY_BODY = YES;
				CLANG_WARN_ENUM_CONVERSION = YES;
				CLANG_WARN_INFINITE_RECURSION = YES;
				CLANG_WARN_INT_CONVERSION = YES;
				CLANG_WARN_NON_LITERAL_NULL_CONVERSION = YES;
				CLANG_WARN_OBJC_IMPLICIT_RETAIN_SELF = YES;
				CLANG_WARN_OBJC_LITERAL_CONVERSION = YES;
				CLANG_WARN_OBJC_ROOT_CLASS = YES_ERROR;
				CLANG_WARN_QUOTED_INCLUDE_IN_FRAMEWORK_HEADER = YES;
				CLANG_WARN_RANGE_LOOP_ANALYSIS = YES;
				CLANG_WARN_STRICT_PROTOTYPES = YES;
				CLANG_WARN_SUSPICIOUS_MOVE = YES;
				CLANG_WARN_UNGUARDED_AVAILABILITY = YES_AGGRESSIVE;
				CLANG_WARN_UNREACHABLE_CODE = YES;
				CLANG_WARN__DUPLICATE_METHOD_MATCH = YES;
				COPY_PHASE_STRIP = NO;
				DEBUG_INFORMATION_FORMAT = "dwarf-with-dsym";
				ENABLE_NS_ASSERTIONS = NO;
				ENABLE_STRICT_OBJC_MSGSEND = YES;
				ENABLE_USER_SCRIPT_SANDBOXING = YES;
				GCC_C_LANGUAGE_STANDARD = gnu17;
				GCC_NO_COMMON_BLOCKS = YES;
				GCC_WARN_64_TO_32_BIT_CONVERSION = YES;
				GCC_WARN_ABOUT_RETURN_TYPE = YES_ERROR;
				GCC_WARN_UNDECLARED_SELECTOR = YES;
				GCC_WARN_UNINITIALIZED_AUTOS = YES_AGGRESSIVE;
				GCC_WARN_UNUSED_FUNCTION = YES;
				GCC_WARN_UNUSED_VARIABLE = YES;
				LOCALIZATION_PREFERS_STRING_CATALOGS = YES;
				MTL_ENABLE_DEBUG_INFO = NO;
				MTL_FAST_MATH = YES;
				SWIFT_COMPILATION_MODE = wholemodule;
			};
			name = Release;
		};
		9B0BFF0B2C28A87C009F007F /* Debug */ = {
			isa = XCBuildConfiguration;
			buildSettings = {
				ASSETCATALOG_COMPILER_APPICON_NAME = AppIcon;
				ASSETCATALOG_COMPILER_GLOBAL_ACCENT_COLOR_NAME = AccentColor;
				CODE_SIGN_ENTITLEMENTS = golden_agenda/golden_agenda.entitlements;
				CODE_SIGN_STYLE = Automatic;
				CURRENT_PROJECT_VERSION = 1;
				DEVELOPMENT_ASSET_PATHS = "\"golden_agenda/Preview Content\"";
				DEVELOPMENT_TEAM = 3UAKXFS7F2;
				ENABLE_HARDENED_RUNTIME = YES;
				ENABLE_PREVIEWS = YES;
				GENERATE_INFOPLIST_FILE = YES;
				"INFOPLIST_KEY_UIApplicationSceneManifest_Generation[sdk=iphoneos*]" = YES;
				"INFOPLIST_KEY_UIApplicationSceneManifest_Generation[sdk=iphonesimulator*]" = YES;
				"INFOPLIST_KEY_UIApplicationSupportsIndirectInputEvents[sdk=iphoneos*]" = YES;
				"INFOPLIST_KEY_UIApplicationSupportsIndirectInputEvents[sdk=iphonesimulator*]" = YES;
				"INFOPLIST_KEY_UILaunchScreen_Generation[sdk=iphoneos*]" = YES;
				"INFOPLIST_KEY_UILaunchScreen_Generation[sdk=iphonesimulator*]" = YES;
				"INFOPLIST_KEY_UIStatusBarStyle[sdk=iphoneos*]" = UIStatusBarStyleDefault;
				"INFOPLIST_KEY_UIStatusBarStyle[sdk=iphonesimulator*]" = UIStatusBarStyleDefault;
				INFOPLIST_KEY_UISupportedInterfaceOrientations_iPad = "UIInterfaceOrientationPortrait UIInterfaceOrientationPortraitUpsideDown UIInterfaceOrientationLandscapeLeft UIInterfaceOrientationLandscapeRight";
				INFOPLIST_KEY_UISupportedInterfaceOrientations_iPhone = "UIInterfaceOrientationPortrait UIInterfaceOrientationLandscapeLeft UIInterfaceOrientationLandscapeRight";
				IPHONEOS_DEPLOYMENT_TARGET = 17.5;
				LD_RUNPATH_SEARCH_PATHS = "@executable_path/Frameworks";
				"LD_RUNPATH_SEARCH_PATHS[sdk=macosx*]" = "@executable_path/../Frameworks";
				MACOSX_DEPLOYMENT_TARGET = 14.0;
				MARKETING_VERSION = 1.0;
				PRODUCT_BUNDLE_IDENTIFIER = "dev.yongmin.golden-agenda";
				PRODUCT_NAME = "$(TARGET_NAME)";
				SDKROOT = auto;
				SUPPORTED_PLATFORMS = "iphoneos iphonesimulator macosx";
				SWIFT_EMIT_LOC_STRINGS = YES;
				SWIFT_VERSION = 5.0;
				TARGETED_DEVICE_FAMILY = "1,2";
			};
			name = Debug;
		};
		9B0BFF0C2C28A87C009F007F /* Release */ = {
			isa = XCBuildConfiguration;
			buildSettings = {
				ASSETCATALOG_COMPILER_APPICON_NAME = AppIcon;
				ASSETCATALOG_COMPILER_GLOBAL_ACCENT_COLOR_NAME = AccentColor;
				CODE_SIGN_ENTITLEMENTS = golden_agenda/golden_agenda.entitlements;
				CODE_SIGN_STYLE = Automatic;
				CURRENT_PROJECT_VERSION = 1;
				DEVELOPMENT_ASSET_PATHS = "\"golden_agenda/Preview Content\"";
				DEVELOPMENT_TEAM = 3UAKXFS7F2;
				ENABLE_HARDENED_RUNTIME = YES;
				ENABLE_PREVIEWS = YES;
				GENERATE_INFOPLIST_FILE = YES;
				"INFOPLIST_KEY_UIApplicationSceneManifest_Generation[sdk=iphoneos*]" = YES;
				"INFOPLIST_KEY_UIApplicationSceneManifest_Generation[sdk=iphonesimulator*]" = YES;
				"INFOPLIST_KEY_UIApplicationSupportsIndirectInputEvents[sdk=iphoneos*]" = YES;
				"INFOPLIST_KEY_UIApplicationSupportsIndirectInputEvents[sdk=iphonesimulator*]" = YES;
				"INFOPLIST_KEY_UILaunchScreen_Generation[sdk=iphoneos*]" = YES;
				"INFOPLIST_KEY_UILaunchScreen_Generation[sdk=iphonesimulator*]" = YES;
				"INFOPLIST_KEY_UIStatusBarStyle[sdk=iphoneos*]" = UIStatusBarStyleDefault;
				"INFOPLIST_KEY_UIStatusBarStyle[sdk=iphonesimulator*]" = UIStatusBarStyleDefault;
				INFOPLIST_KEY_UISupportedInterfaceOrientations_iPad = "UIInterfaceOrientationPortrait UIInterfaceOrientationPortraitUpsideDown UIInterfaceOrientationLandscapeLeft UIInterfaceOrientationLandscapeRight";
				INFOPLIST_KEY_UISupportedInterfaceOrientations_iPhone = "UIInterfaceOrientationPortrait UIInterfaceOrientationLandscapeLeft UIInterfaceOrientationLandscapeRight";
				IPHONEOS_DEPLOYMENT_TARGET = 17.5;
				LD_RUNPATH_SEARCH_PATHS = "@executable_path/Frameworks";
				"LD_RUNPATH_SEARCH_PATHS[sdk=macosx*]" = "@executable_path/../Frameworks";
				MACOSX_DEPLOYMENT_TARGET = 14.0;
				MARKETING_VERSION = 1.0;
				PRODUCT_BUNDLE_IDENTIFIER = "dev.yongmin.golden-agenda";
				PRODUCT_NAME = "$(TARGET_NAME)";
				SDKROOT = auto;
				SUPPORTED_PLATFORMS = "iphoneos iphonesimulator macosx";
				SWIFT_EMIT_LOC_STRINGS = YES;
				SWIFT_VERSION = 5.0;
				TARGETED_DEVICE_FAMILY = "1,2";
			};
			name = Release;
		};
		9B0BFF0E2C28A87C009F007F /* Debug */ = {
			isa = XCBuildConfiguration;
			buildSettings = {
				ALWAYS_EMBED_SWIFT_STANDARD_LIBRARIES = YES;
				BUNDLE_LOADER = "$(TEST_HOST)";
				CODE_SIGN_STYLE = Automatic;
				CURRENT_PROJECT_VERSION = 1;
				DEVELOPMENT_TEAM = 3UAKXFS7F2;
				GENERATE_INFOPLIST_FILE = YES;
				IPHONEOS_DEPLOYMENT_TARGET = 17.5;
				MACOSX_DEPLOYMENT_TARGET = 14.5;
				MARKETING_VERSION = 1.0;
				PRODUCT_BUNDLE_IDENTIFIER = "dev.yongmin.golden-agendaTests";
				PRODUCT_NAME = "$(TARGET_NAME)";
				SDKROOT = auto;
				SUPPORTED_PLATFORMS = "iphoneos iphonesimulator macosx";
				SWIFT_EMIT_LOC_STRINGS = NO;
				SWIFT_VERSION = 5.0;
				TARGETED_DEVICE_FAMILY = "1,2";
				TEST_HOST = "$(BUILT_PRODUCTS_DIR)/golden_agenda.app/$(BUNDLE_EXECUTABLE_FOLDER_PATH)/golden_agenda";
			};
			name = Debug;
		};
		9B0BFF0F2C28A87C009F007F /* Release */ = {
			isa = XCBuildConfiguration;
			buildSettings = {
				ALWAYS_EMBED_SWIFT_STANDARD_LIBRARIES = YES;
				BUNDLE_LOADER = "$(TEST_HOST)";
				CODE_SIGN_STYLE = Automatic;
				CURRENT_PROJECT_VERSION = 1;
				DEVELOPMENT_TEAM = 3UAKXFS7F2;
				GENERATE_INFOPLIST_FILE = YES;
				IPHONEOS_DEPLOYMENT_TARGET = 17.5;
				MACOSX_DEPLOYMENT_TARGET = 14.5;
				MARKETING_VERSION = 1.0;
				PRODUCT_BUNDLE_IDENTIFIER = "dev.yongmin.golden-agendaTests";
				PRODUCT_NAME = "$(TARGET_NAME)";
				SDKROOT = auto;
				SUPPORTED_PLATFORMS = "iphoneos iphonesimulator macosx";
				SWIFT_EMIT_LOC_STRINGS = NO;
				SWIFT_VERSION = 5.0;
				TARGETED_DEVICE_FAMILY = "1,2";
				TEST_HOST = "$(BUILT_PRODUCTS_DIR)/golden_agenda.app/$(BUNDLE_EXECUTABLE_FOLDER_PATH)/golden_agenda";
			};
			name = Release;
		};
		9B0BFF112C28A87C009F007F /* Debug */ = {
			isa = XCBuildConfiguration;
			buildSettings = {
				ALWAYS_EMBED_SWIFT_STANDARD_LIBRARIES = YES;
				CODE_SIGN_STYLE = Automatic;
				CURRENT_PROJECT_VERSION = 1;
				DEVELOPMENT_TEAM = 3UAKXFS7F2;
				GENERATE_INFOPLIST_FILE = YES;
				IPHONEOS_DEPLOYMENT_TARGET = 17.5;
				MACOSX_DEPLOYMENT_TARGET = 14.5;
				MARKETING_VERSION = 1.0;
				PRODUCT_BUNDLE_IDENTIFIER = "dev.yongmin.golden-agendaUITests";
				PRODUCT_NAME = "$(TARGET_NAME)";
				SDKROOT = auto;
				SUPPORTED_PLATFORMS = "iphoneos iphonesimulator macosx";
				SWIFT_EMIT_LOC_STRINGS = NO;
				SWIFT_VERSION = 5.0;
				TARGETED_DEVICE_FAMILY = "1,2";
				TEST_TARGET_NAME = "golden agenda";
			};
			name = Debug;
		};
		9B0BFF122C28A87C009F007F /* Release */ = {
			isa = XCBuildConfiguration;
			buildSettings = {
				ALWAYS_EMBED_SWIFT_STANDARD_LIBRARIES = YES;
				CODE_SIGN_STYLE = Automatic;
				CURRENT_PROJECT_VERSION = 1;
				DEVELOPMENT_TEAM = 3UAKXFS7F2;
				GENERATE_INFOPLIST_FILE = YES;
				IPHONEOS_DEPLOYMENT_TARGET = 17.5;
				MACOSX_DEPLOYMENT_TARGET = 14.5;
				MARKETING_VERSION = 1.0;
				PRODUCT_BUNDLE_IDENTIFIER = "dev.yongmin.golden-agendaUITests";
				PRODUCT_NAME = "$(TARGET_NAME)";
				SDKROOT = auto;
				SUPPORTED_PLATFORMS = "iphoneos iphonesimulator macosx";
				SWIFT_EMIT_LOC_STRINGS = NO;
				SWIFT_VERSION = 5.0;
				TARGETED_DEVICE_FAMILY = "1,2";
				TEST_TARGET_NAME = "golden agenda";
			};
			name = Release;
		};
/* End XCBuildConfiguration section */

/* Begin XCConfigurationList section */
		9B0BFEDE2C28A87A009F007F /* Build configuration list for PBXProject "golden_agenda" */ = {
			isa = XCConfigurationList;
			buildConfigurations = (
				9B0BFF082C28A87C009F007F /* Debug */,
				9B0BFF092C28A87C009F007F /* Release */,
			);
			defaultConfigurationIsVisible = 0;
			defaultConfigurationName = Release;
		};
		9B0BFF0A2C28A87C009F007F /* Build configuration list for PBXNativeTarget "golden_agenda" */ = {
			isa = XCConfigurationList;
			buildConfigurations = (
				9B0BFF0B2C28A87C009F007F /* Debug */,
				9B0BFF0C2C28A87C009F007F /* Release */,
			);
			defaultConfigurationIsVisible = 0;
			defaultConfigurationName = Release;
		};
		9B0BFF0D2C28A87C009F007F /* Build configuration list for PBXNativeTarget "golden_agendaTests" */ = {
			isa = XCConfigurationList;
			buildConfigurations = (
				9B0BFF0E2C28A87C009F007F /* Debug */,
				9B0BFF0F2C28A87C009F007F /* Release */,
			);
			defaultConfigurationIsVisible = 0;
			defaultConfigurationName = Release;
		};
		9B0BFF102C28A87C009F007F /* Build configuration list for PBXNativeTarget "golden_agendaUITests" */ = {
			isa = XCConfigurationList;
			buildConfigurations = (
				9B0BFF112C28A87C009F007F /* Debug */,
				9B0BFF122C28A87C009F007F /* Release */,
			);
			defaultConfigurationIsVisible = 0;
			defaultConfigurationName = Release;
		};
/* End XCConfigurationList section */
	};
	rootObject = 9B0BFEDB2C28A87A009F007F /* Project object */;
}
